// !$*UTF8*$!
{
	archiveVersion = 1;
	classes = {
	};
	objectVersion = 55;
	objects = {

/* Begin PBXBuildFile section */
		209FFD1ADE0222B249D77C70 /* Pods_Loopy.framework in Frameworks */ = {isa = PBXBuildFile; fileRef = 1EBBAC4AD92D2A274FB05D34 /* Pods_Loopy.framework */; };
		4155B67E2911D22400AEC407 /* UIView+touchFeedback.swift in Sources */ = {isa = PBXBuildFile; fileRef = 4155B67D2911D22400AEC407 /* UIView+touchFeedback.swift */; };
		4155B6802911D36200AEC407 /* TouchGestureRecognizer.swift in Sources */ = {isa = PBXBuildFile; fileRef = 4155B67F2911D36200AEC407 /* TouchGestureRecognizer.swift */; };
		4163328E2901EB9600A1A12B /* Link.swift in Sources */ = {isa = PBXBuildFile; fileRef = 4163328D2901EB9600A1A12B /* Link.swift */; };
		417BE81F28F2DD1D00EC1C28 /* GoogleService-Info.plist in Resources */ = {isa = PBXBuildFile; fileRef = 417BE81E28F2DD1D00EC1C28 /* GoogleService-Info.plist */; };
		417CF33929056A25000862CE /* UIColor+SUIColor.swift in Sources */ = {isa = PBXBuildFile; fileRef = 417CF33829056A25000862CE /* UIColor+SUIColor.swift */; };
		417CF33E29057F38000862CE /* DailyPlateView.swift in Sources */ = {isa = PBXBuildFile; fileRef = 417CF33D29057F38000862CE /* DailyPlateView.swift */; };
		417CF34029057F75000862CE /* DailyPlate.xib in Resources */ = {isa = PBXBuildFile; fileRef = 417CF33F29057F75000862CE /* DailyPlate.xib */; };
		417CF34329058178000862CE /* DailyPlate+IBDesignable.swift in Sources */ = {isa = PBXBuildFile; fileRef = 417CF34229058178000862CE /* DailyPlate+IBDesignable.swift */; };
		417CF345290582EE000862CE /* CGColor+Convert.swift in Sources */ = {isa = PBXBuildFile; fileRef = 417CF344290582ED000862CE /* CGColor+Convert.swift */; };
		4194EBFA29088392006B096F /* PlateProtocol.swift in Sources */ = {isa = PBXBuildFile; fileRef = 4194EBF929088392006B096F /* PlateProtocol.swift */; };
		4194EBFC290883DE006B096F /* DailyPlateView+PlateProtocol.swift in Sources */ = {isa = PBXBuildFile; fileRef = 4194EBFB290883DE006B096F /* DailyPlateView+PlateProtocol.swift */; };
		419F84EF290ADA7C00D81ED2 /* NewsContainerView.swift in Sources */ = {isa = PBXBuildFile; fileRef = 419F84EE290ADA7C00D81ED2 /* NewsContainerView.swift */; };
		419F84F1290ADDB500D81ED2 /* UsesAutoLayout.swift in Sources */ = {isa = PBXBuildFile; fileRef = 419F84F0290ADDB500D81ED2 /* UsesAutoLayout.swift */; };
		419F853C290ADEBE00D81ED2 /* CallOnFlyOperator.swift in Sources */ = {isa = PBXBuildFile; fileRef = 419F853B290ADEBE00D81ED2 /* CallOnFlyOperator.swift */; };
		419F853E290AE25500D81ED2 /* NewsCollection.swift in Sources */ = {isa = PBXBuildFile; fileRef = 419F853D290AE25500D81ED2 /* NewsCollection.swift */; };
		419F8540290AE30400D81ED2 /* NewsCollection+Delegate.swift in Sources */ = {isa = PBXBuildFile; fileRef = 419F853F290AE30400D81ED2 /* NewsCollection+Delegate.swift */; };
		419F8542290AE31200D81ED2 /* NewsCollection+DataSource.swift in Sources */ = {isa = PBXBuildFile; fileRef = 419F8541290AE31200D81ED2 /* NewsCollection+DataSource.swift */; };
		419F8544290AE4A400D81ED2 /* Macros.swift in Sources */ = {isa = PBXBuildFile; fileRef = 419F8543290AE4A400D81ED2 /* Macros.swift */; };
		419F8547290AE72700D81ED2 /* ReusableCell.swift in Sources */ = {isa = PBXBuildFile; fileRef = 419F8546290AE72700D81ED2 /* ReusableCell.swift */; };
		419F8549290AE7D000D81ED2 /* NewsCell.swift in Sources */ = {isa = PBXBuildFile; fileRef = 419F8548290AE7D000D81ED2 /* NewsCell.swift */; };
		419F854D290AED6B00D81ED2 /* PagingCollectionViewLayout .swift in Sources */ = {isa = PBXBuildFile; fileRef = 419F854C290AED6B00D81ED2 /* PagingCollectionViewLayout .swift */; };
		419F8551290AF12900D81ED2 /* NewsItem.swift in Sources */ = {isa = PBXBuildFile; fileRef = 419F8550290AF12900D81ED2 /* NewsItem.swift */; };
		419F8553290B049B00D81ED2 /* NewsCell.xib in Resources */ = {isa = PBXBuildFile; fileRef = 419F8552290B049B00D81ED2 /* NewsCell.xib */; };
		41ACBA5D290B1EAE00BDF9D0 /* NewsTag.xib in Resources */ = {isa = PBXBuildFile; fileRef = 41ACBA5C290B1EAE00BDF9D0 /* NewsTag.xib */; };
		41ACBA5F290B1EBA00BDF9D0 /* NewsTagView.swift in Sources */ = {isa = PBXBuildFile; fileRef = 41ACBA5E290B1EBA00BDF9D0 /* NewsTagView.swift */; };
		41ACBA62290B229B00BDF9D0 /* UIStackView+clear.swift in Sources */ = {isa = PBXBuildFile; fileRef = 41ACBA61290B229B00BDF9D0 /* UIStackView+clear.swift */; };
		41ACBA65290B265E00BDF9D0 /* XIBView.swift in Sources */ = {isa = PBXBuildFile; fileRef = 41ACBA64290B265E00BDF9D0 /* XIBView.swift */; };
		41ACBA68290B2F3700BDF9D0 /* ImageLoader.swift in Sources */ = {isa = PBXBuildFile; fileRef = 41ACBA67290B2F3700BDF9D0 /* ImageLoader.swift */; };
		41ACBA6B290B323D00BDF9D0 /* UIImage+resize.swift in Sources */ = {isa = PBXBuildFile; fileRef = 41ACBA6A290B323D00BDF9D0 /* UIImage+resize.swift */; };
		41ACBA6E290CA6E800BDF9D0 /* DailyProgressView.swift in Sources */ = {isa = PBXBuildFile; fileRef = 41ACBA6D290CA6E800BDF9D0 /* DailyProgressView.swift */; };
		41ACBA70290CADA400BDF9D0 /* Color+hex.swift in Sources */ = {isa = PBXBuildFile; fileRef = 41ACBA6F290CADA400BDF9D0 /* Color+hex.swift */; };
		41ACBA72290CB07F00BDF9D0 /* DailyProgressModel.swift in Sources */ = {isa = PBXBuildFile; fileRef = 41ACBA71290CB07F00BDF9D0 /* DailyProgressModel.swift */; };
		41B4A79B28FDA2B400E553D3 /* TabBarCoordinator.swift in Sources */ = {isa = PBXBuildFile; fileRef = 41B4A79A28FDA2B400E553D3 /* TabBarCoordinator.swift */; };
		41B4A79E28FDA2C600E553D3 /* TabBarAssembly.swift in Sources */ = {isa = PBXBuildFile; fileRef = 41B4A79D28FDA2C600E553D3 /* TabBarAssembly.swift */; };
		41B4A7A228FDB62A00E553D3 /* Colors.xcassets in Resources */ = {isa = PBXBuildFile; fileRef = 41B4A7A128FDB62A00E553D3 /* Colors.xcassets */; };
		41B4A7A528FDC15D00E553D3 /* UIColor+hex.swift in Sources */ = {isa = PBXBuildFile; fileRef = 41B4A7A428FDC15D00E553D3 /* UIColor+hex.swift */; };
		41B4A7A828FDC24800E553D3 /* ColorsConfig.swift in Sources */ = {isa = PBXBuildFile; fileRef = 41B4A7A728FDC24800E553D3 /* ColorsConfig.swift */; };
		41B4A7AA28FDCD4E00E553D3 /* ImageConfig.swift in Sources */ = {isa = PBXBuildFile; fileRef = 41B4A7A928FDCD4E00E553D3 /* ImageConfig.swift */; };
		41B4A7B828FDCF9600E553D3 /* ReceiptsViewModel.swift in Sources */ = {isa = PBXBuildFile; fileRef = 41B4A7B728FDCF9600E553D3 /* ReceiptsViewModel.swift */; };
		41B4A7BB28FDCFAD00E553D3 /* ReceiptsModelInput.swift in Sources */ = {isa = PBXBuildFile; fileRef = 41B4A7BA28FDCFAD00E553D3 /* ReceiptsModelInput.swift */; };
		41B4A7BD28FDCFB600E553D3 /* ReceiptsModelOutput.swift in Sources */ = {isa = PBXBuildFile; fileRef = 41B4A7BC28FDCFB600E553D3 /* ReceiptsModelOutput.swift */; };
		41B4A7C028FDD01000E553D3 /* ReceiptsModel+lifecycle.swift in Sources */ = {isa = PBXBuildFile; fileRef = 41B4A7BF28FDD01000E553D3 /* ReceiptsModel+lifecycle.swift */; };
		41B4A7C228FDD02800E553D3 /* ReceiptModel+Input.swift in Sources */ = {isa = PBXBuildFile; fileRef = 41B4A7C128FDD02800E553D3 /* ReceiptModel+Input.swift */; };
		41B4A7C428FDD1F200E553D3 /* FitnessViewModel.swift in Sources */ = {isa = PBXBuildFile; fileRef = 41B4A7C328FDD1F200E553D3 /* FitnessViewModel.swift */; };
		41B4A7C728FDD21700E553D3 /* FitnessModelInput.swift in Sources */ = {isa = PBXBuildFile; fileRef = 41B4A7C628FDD21700E553D3 /* FitnessModelInput.swift */; };
		41B4A7C928FDD23C00E553D3 /* FitnessModelOutput.swift in Sources */ = {isa = PBXBuildFile; fileRef = 41B4A7C828FDD23C00E553D3 /* FitnessModelOutput.swift */; };
		41B4A7CD28FDD26200E553D3 /* FitnessModel+Lifecycle.swift in Sources */ = {isa = PBXBuildFile; fileRef = 41B4A7CC28FDD26200E553D3 /* FitnessModel+Lifecycle.swift */; };
		41B4A7CF28FDD28300E553D3 /* FitnessModel+input.swift in Sources */ = {isa = PBXBuildFile; fileRef = 41B4A7CE28FDD28300E553D3 /* FitnessModel+input.swift */; };
		41B4A7D328FDD2BF00E553D3 /* StatisticsViewModel.swift in Sources */ = {isa = PBXBuildFile; fileRef = 41B4A7D228FDD2BF00E553D3 /* StatisticsViewModel.swift */; };
		41B4A7D528FDD2D900E553D3 /* StatisticsModelInput.swift in Sources */ = {isa = PBXBuildFile; fileRef = 41B4A7D428FDD2D900E553D3 /* StatisticsModelInput.swift */; };
		41B4A7D728FDD2EF00E553D3 /* StatisticsModelOutput.swift in Sources */ = {isa = PBXBuildFile; fileRef = 41B4A7D628FDD2EF00E553D3 /* StatisticsModelOutput.swift */; };
		41B4A7D928FDD30A00E553D3 /* StatisticsModel+Lifecycle.swift in Sources */ = {isa = PBXBuildFile; fileRef = 41B4A7D828FDD30A00E553D3 /* StatisticsModel+Lifecycle.swift */; };
		41B4A7DB28FDD32E00E553D3 /* StatisticsModel+Input.swift in Sources */ = {isa = PBXBuildFile; fileRef = 41B4A7DA28FDD32E00E553D3 /* StatisticsModel+Input.swift */; };
		41B4A7E028FDD49200E553D3 /* ReceiptsViewProtocol.swift in Sources */ = {isa = PBXBuildFile; fileRef = 41B4A7DF28FDD49200E553D3 /* ReceiptsViewProtocol.swift */; };
		41B4A7E228FDD49C00E553D3 /* FitnessViewProtocol.swift in Sources */ = {isa = PBXBuildFile; fileRef = 41B4A7E128FDD49C00E553D3 /* FitnessViewProtocol.swift */; };
		41B4A7E528FDD4AF00E553D3 /* StatisticsViewProtocol.swift in Sources */ = {isa = PBXBuildFile; fileRef = 41B4A7E428FDD4AF00E553D3 /* StatisticsViewProtocol.swift */; };
		41B4A7E728FDD50500E553D3 /* ReceiptsView.swift in Sources */ = {isa = PBXBuildFile; fileRef = 41B4A7E628FDD50500E553D3 /* ReceiptsView.swift */; };
		41B4A7E928FDD51200E553D3 /* FitnessView.swift in Sources */ = {isa = PBXBuildFile; fileRef = 41B4A7E828FDD51200E553D3 /* FitnessView.swift */; };
		41B4A7EB28FDD52000E553D3 /* StatisticsView.swift in Sources */ = {isa = PBXBuildFile; fileRef = 41B4A7EA28FDD52000E553D3 /* StatisticsView.swift */; };
		41B4A7ED28FDD58700E553D3 /* Receipts.storyboard in Resources */ = {isa = PBXBuildFile; fileRef = 41B4A7EC28FDD58700E553D3 /* Receipts.storyboard */; };
		41B4A7EF28FDD5BD00E553D3 /* Fitness.storyboard in Resources */ = {isa = PBXBuildFile; fileRef = 41B4A7EE28FDD5BD00E553D3 /* Fitness.storyboard */; };
		41B4A7F128FDD65200E553D3 /* Statistics.storyboard in Resources */ = {isa = PBXBuildFile; fileRef = 41B4A7F028FDD65200E553D3 /* Statistics.storyboard */; };
		41B4A7F328FDD67700E553D3 /* ReceiptsView+Lifecycle.swift in Sources */ = {isa = PBXBuildFile; fileRef = 41B4A7F228FDD67700E553D3 /* ReceiptsView+Lifecycle.swift */; };
		41B4A7F528FDD68E00E553D3 /* ReceiptsView+Output.swift in Sources */ = {isa = PBXBuildFile; fileRef = 41B4A7F428FDD68E00E553D3 /* ReceiptsView+Output.swift */; };
		41B4A7F728FDD69E00E553D3 /* FitnessView+Lifecycle.swift in Sources */ = {isa = PBXBuildFile; fileRef = 41B4A7F628FDD69E00E553D3 /* FitnessView+Lifecycle.swift */; };
		41B4A7F928FDD6AE00E553D3 /* FitnessView+Output.swift in Sources */ = {isa = PBXBuildFile; fileRef = 41B4A7F828FDD6AE00E553D3 /* FitnessView+Output.swift */; };
		41B4A7FB28FDD6BC00E553D3 /* StatisticsView+Lifecycle.swift in Sources */ = {isa = PBXBuildFile; fileRef = 41B4A7FA28FDD6BC00E553D3 /* StatisticsView+Lifecycle.swift */; };
		41B4A7FE28FDD6D000E553D3 /* StatisticsView+Output.swift in Sources */ = {isa = PBXBuildFile; fileRef = 41B4A7FD28FDD6D000E553D3 /* StatisticsView+Output.swift */; };
		41B4A80128FDD75F00E553D3 /* ReceiptsAssembly.swift in Sources */ = {isa = PBXBuildFile; fileRef = 41B4A80028FDD75F00E553D3 /* ReceiptsAssembly.swift */; };
		41B4A80328FDD7BD00E553D3 /* FitnessAssembly.swift in Sources */ = {isa = PBXBuildFile; fileRef = 41B4A80228FDD7BD00E553D3 /* FitnessAssembly.swift */; };
		41B4A80528FDD7CE00E553D3 /* StatisticsAssembly.swift in Sources */ = {isa = PBXBuildFile; fileRef = 41B4A80428FDD7CE00E553D3 /* StatisticsAssembly.swift */; };
		41B4A80728FDD86200E553D3 /* ReceiptsCoordinator.swift in Sources */ = {isa = PBXBuildFile; fileRef = 41B4A80628FDD86200E553D3 /* ReceiptsCoordinator.swift */; };
		41B4A80928FDD88C00E553D3 /* FitnessCoordinator.swift in Sources */ = {isa = PBXBuildFile; fileRef = 41B4A80828FDD88C00E553D3 /* FitnessCoordinator.swift */; };
		41B4A80B28FDD89A00E553D3 /* StatisticsCoordinator.swift in Sources */ = {isa = PBXBuildFile; fileRef = 41B4A80A28FDD89A00E553D3 /* StatisticsCoordinator.swift */; };
		41C2EF7528F2FE4D005DDB5B /* AppCoordinator.swift in Sources */ = {isa = PBXBuildFile; fileRef = 41C2EF7428F2FE4D005DDB5B /* AppCoordinator.swift */; };
		41C2EF7A28F30103005DDB5B /* Coordinatable.swift in Sources */ = {isa = PBXBuildFile; fileRef = 41C2EF7928F30103005DDB5B /* Coordinatable.swift */; };
		41C2EF7C28F30430005DDB5B /* Routable.swift in Sources */ = {isa = PBXBuildFile; fileRef = 41C2EF7B28F30430005DDB5B /* Routable.swift */; };
		41C2EF7E28F3045C005DDB5B /* Controllable.swift in Sources */ = {isa = PBXBuildFile; fileRef = 41C2EF7D28F3045C005DDB5B /* Controllable.swift */; };
		41C2EF8128F30C38005DDB5B /* Router.swift in Sources */ = {isa = PBXBuildFile; fileRef = 41C2EF8028F30C38005DDB5B /* Router.swift */; };
		41C2EF8728F314A5005DDB5B /* ProfileCoordinator.swift in Sources */ = {isa = PBXBuildFile; fileRef = 41C2EF8628F314A5005DDB5B /* ProfileCoordinator.swift */; };
		41C2EF8928F314AF005DDB5B /* ProfileAssembly.swift in Sources */ = {isa = PBXBuildFile; fileRef = 41C2EF8828F314AF005DDB5B /* ProfileAssembly.swift */; };
		41C2EF8C28F31512005DDB5B /* BaseViewModel.swift in Sources */ = {isa = PBXBuildFile; fileRef = 41C2EF8B28F31512005DDB5B /* BaseViewModel.swift */; };
		41C2EF8E28F31523005DDB5B /* BaseAssembly.swift in Sources */ = {isa = PBXBuildFile; fileRef = 41C2EF8D28F31523005DDB5B /* BaseAssembly.swift */; };
		41C2EF9028F3363E005DDB5B /* ProfileViewProtocol.swift in Sources */ = {isa = PBXBuildFile; fileRef = 41C2EF8F28F3363E005DDB5B /* ProfileViewProtocol.swift */; };
		41C2EF9228F33647005DDB5B /* ProfileView.swift in Sources */ = {isa = PBXBuildFile; fileRef = 41C2EF9128F33647005DDB5B /* ProfileView.swift */; };
		41C2EF9428F336CD005DDB5B /* ProfileViewModel.swift in Sources */ = {isa = PBXBuildFile; fileRef = 41C2EF9328F336CD005DDB5B /* ProfileViewModel.swift */; };
		41C2EF9728F336FE005DDB5B /* ProfileModelInput.swift in Sources */ = {isa = PBXBuildFile; fileRef = 41C2EF9628F336FE005DDB5B /* ProfileModelInput.swift */; };
		41C2EF9928F33728005DDB5B /* ProfileModelOutput.swift in Sources */ = {isa = PBXBuildFile; fileRef = 41C2EF9828F33728005DDB5B /* ProfileModelOutput.swift */; };
		41C2EF9B28F337EF005DDB5B /* ViewController.swift in Sources */ = {isa = PBXBuildFile; fileRef = 41C2EF9A28F337EF005DDB5B /* ViewController.swift */; };
		41C2EF9E28F33969005DDB5B /* ProfileModel+lifecycle.swift in Sources */ = {isa = PBXBuildFile; fileRef = 41C2EF9D28F33969005DDB5B /* ProfileModel+lifecycle.swift */; };
		41C2EFA128F33BB3005DDB5B /* ProfileView+lifecycle.swift in Sources */ = {isa = PBXBuildFile; fileRef = 41C2EFA028F33BB3005DDB5B /* ProfileView+lifecycle.swift */; };
		41C2EFA328F33CEE005DDB5B /* ProfileView+Output.swift in Sources */ = {isa = PBXBuildFile; fileRef = 41C2EFA228F33CEE005DDB5B /* ProfileView+Output.swift */; };
		41C2EFA528F33D32005DDB5B /* ProfileModel+Input.swift in Sources */ = {isa = PBXBuildFile; fileRef = 41C2EFA428F33D32005DDB5B /* ProfileModel+Input.swift */; };
		41C2EFA728F33E0D005DDB5B /* Profile.storyboard in Resources */ = {isa = PBXBuildFile; fileRef = 41C2EFA628F33E0D005DDB5B /* Profile.storyboard */; };
		41C2EFAC28F33E7B005DDB5B /* Controller+Storyboard.swift in Sources */ = {isa = PBXBuildFile; fileRef = 41C2EFAB28F33E7B005DDB5B /* Controller+Storyboard.swift */; };
		41F0DE4B290DA4360085AC41 /* NewsDelegate.swift in Sources */ = {isa = PBXBuildFile; fileRef = 41F0DE4A290DA4360085AC41 /* NewsDelegate.swift */; };
		41F0DE5B290DA9820085AC41 /* NewsView.swift in Sources */ = {isa = PBXBuildFile; fileRef = 41F0DE5A290DA9820085AC41 /* NewsView.swift */; };
		41F0DE5D290DA98D0085AC41 /* NewsModel.swift in Sources */ = {isa = PBXBuildFile; fileRef = 41F0DE5C290DA98D0085AC41 /* NewsModel.swift */; };
		41F0DE5F290DAC2C0085AC41 /* ProfileView+NewsDelegate.swift in Sources */ = {isa = PBXBuildFile; fileRef = 41F0DE5E290DAC2C0085AC41 /* ProfileView+NewsDelegate.swift */; };
		41F0DE61290DAFB70085AC41 /* InteractivePopRecognizer.swift in Sources */ = {isa = PBXBuildFile; fileRef = 41F0DE60290DAFB70085AC41 /* InteractivePopRecognizer.swift */; };
		41F0DE65290DB6BB0085AC41 /* NewsCoordinator.swift in Sources */ = {isa = PBXBuildFile; fileRef = 41F0DE64290DB6BB0085AC41 /* NewsCoordinator.swift */; };
		41F0DE67290DB7730085AC41 /* NewsAssembly.swift in Sources */ = {isa = PBXBuildFile; fileRef = 41F0DE66290DB7730085AC41 /* NewsAssembly.swift */; };
		41F0DE69290DC6E20085AC41 /* Coordinator.swift in Sources */ = {isa = PBXBuildFile; fileRef = 41F0DE68290DC6E20085AC41 /* Coordinator.swift */; };
		41F0DE6B290DD0B50085AC41 /* Typealiases.swift in Sources */ = {isa = PBXBuildFile; fileRef = 41F0DE6A290DD0B50085AC41 /* Typealiases.swift */; };
		41F0DE6E290DE4260085AC41 /* StickyHeader.swift in Sources */ = {isa = PBXBuildFile; fileRef = 41F0DE6D290DE4260085AC41 /* StickyHeader.swift */; };
		41F2276C28F2D85400856D7E /* AppDelegate.swift in Sources */ = {isa = PBXBuildFile; fileRef = 41F2276B28F2D85400856D7E /* AppDelegate.swift */; };
		41F2276E28F2D85400856D7E /* SceneDelegate.swift in Sources */ = {isa = PBXBuildFile; fileRef = 41F2276D28F2D85400856D7E /* SceneDelegate.swift */; };
		41F2277628F2D85400856D7E /* Loopy.xcdatamodeld in Sources */ = {isa = PBXBuildFile; fileRef = 41F2277428F2D85400856D7E /* Loopy.xcdatamodeld */; };
		41F2277828F2D85800856D7E /* Images.xcassets in Resources */ = {isa = PBXBuildFile; fileRef = 41F2277728F2D85800856D7E /* Images.xcassets */; };
		41F2277B28F2D85800856D7E /* LaunchScreen.storyboard in Resources */ = {isa = PBXBuildFile; fileRef = 41F2277928F2D85800856D7E /* LaunchScreen.storyboard */; };
		41F9ADD229088D1C001967BD /* DailyPlateView+Highlight.swift in Sources */ = {isa = PBXBuildFile; fileRef = 41F9ADD129088D1C001967BD /* DailyPlateView+Highlight.swift */; };
		41F9ADD729089207001967BD /* Plate.swift in Sources */ = {isa = PBXBuildFile; fileRef = 41F9ADD629089207001967BD /* Plate.swift */; };
/* End PBXBuildFile section */

/* Begin PBXFileReference section */
		1EBBAC4AD92D2A274FB05D34 /* Pods_Loopy.framework */ = {isa = PBXFileReference; explicitFileType = wrapper.framework; includeInIndex = 0; path = Pods_Loopy.framework; sourceTree = BUILT_PRODUCTS_DIR; };
		3FBA923C331C75A308F20450 /* Pods-Loopy.debug.xcconfig */ = {isa = PBXFileReference; includeInIndex = 1; lastKnownFileType = text.xcconfig; name = "Pods-Loopy.debug.xcconfig"; path = "Target Support Files/Pods-Loopy/Pods-Loopy.debug.xcconfig"; sourceTree = "<group>"; };
		4155B67D2911D22400AEC407 /* UIView+touchFeedback.swift */ = {isa = PBXFileReference; lastKnownFileType = sourcecode.swift; path = "UIView+touchFeedback.swift"; sourceTree = "<group>"; };
		4155B67F2911D36200AEC407 /* TouchGestureRecognizer.swift */ = {isa = PBXFileReference; lastKnownFileType = sourcecode.swift; path = TouchGestureRecognizer.swift; sourceTree = "<group>"; };
		4163328D2901EB9600A1A12B /* Link.swift */ = {isa = PBXFileReference; lastKnownFileType = sourcecode.swift; path = Link.swift; sourceTree = "<group>"; };
		417BE81E28F2DD1D00EC1C28 /* GoogleService-Info.plist */ = {isa = PBXFileReference; fileEncoding = 4; lastKnownFileType = text.plist.xml; path = "GoogleService-Info.plist"; sourceTree = "<group>"; };
		417CF33829056A25000862CE /* UIColor+SUIColor.swift */ = {isa = PBXFileReference; lastKnownFileType = sourcecode.swift; path = "UIColor+SUIColor.swift"; sourceTree = "<group>"; };
		417CF33D29057F38000862CE /* DailyPlateView.swift */ = {isa = PBXFileReference; lastKnownFileType = sourcecode.swift; path = DailyPlateView.swift; sourceTree = "<group>"; };
		417CF33F29057F75000862CE /* DailyPlate.xib */ = {isa = PBXFileReference; lastKnownFileType = file.xib; path = DailyPlate.xib; sourceTree = "<group>"; };
		417CF34229058178000862CE /* DailyPlate+IBDesignable.swift */ = {isa = PBXFileReference; lastKnownFileType = sourcecode.swift; path = "DailyPlate+IBDesignable.swift"; sourceTree = "<group>"; };
		417CF344290582ED000862CE /* CGColor+Convert.swift */ = {isa = PBXFileReference; lastKnownFileType = sourcecode.swift; path = "CGColor+Convert.swift"; sourceTree = "<group>"; };
		4194EBF929088392006B096F /* PlateProtocol.swift */ = {isa = PBXFileReference; lastKnownFileType = sourcecode.swift; path = PlateProtocol.swift; sourceTree = "<group>"; };
		4194EBFB290883DE006B096F /* DailyPlateView+PlateProtocol.swift */ = {isa = PBXFileReference; lastKnownFileType = sourcecode.swift; path = "DailyPlateView+PlateProtocol.swift"; sourceTree = "<group>"; };
		419F84EE290ADA7C00D81ED2 /* NewsContainerView.swift */ = {isa = PBXFileReference; lastKnownFileType = sourcecode.swift; path = NewsContainerView.swift; sourceTree = "<group>"; };
		419F84F0290ADDB500D81ED2 /* UsesAutoLayout.swift */ = {isa = PBXFileReference; lastKnownFileType = sourcecode.swift; path = UsesAutoLayout.swift; sourceTree = "<group>"; };
		419F853B290ADEBE00D81ED2 /* CallOnFlyOperator.swift */ = {isa = PBXFileReference; lastKnownFileType = sourcecode.swift; path = CallOnFlyOperator.swift; sourceTree = "<group>"; };
		419F853D290AE25500D81ED2 /* NewsCollection.swift */ = {isa = PBXFileReference; lastKnownFileType = sourcecode.swift; path = NewsCollection.swift; sourceTree = "<group>"; };
		419F853F290AE30400D81ED2 /* NewsCollection+Delegate.swift */ = {isa = PBXFileReference; lastKnownFileType = sourcecode.swift; path = "NewsCollection+Delegate.swift"; sourceTree = "<group>"; };
		419F8541290AE31200D81ED2 /* NewsCollection+DataSource.swift */ = {isa = PBXFileReference; lastKnownFileType = sourcecode.swift; path = "NewsCollection+DataSource.swift"; sourceTree = "<group>"; };
		419F8543290AE4A400D81ED2 /* Macros.swift */ = {isa = PBXFileReference; lastKnownFileType = sourcecode.swift; path = Macros.swift; sourceTree = "<group>"; };
		419F8546290AE72700D81ED2 /* ReusableCell.swift */ = {isa = PBXFileReference; lastKnownFileType = sourcecode.swift; path = ReusableCell.swift; sourceTree = "<group>"; };
		419F8548290AE7D000D81ED2 /* NewsCell.swift */ = {isa = PBXFileReference; lastKnownFileType = sourcecode.swift; path = NewsCell.swift; sourceTree = "<group>"; };
		419F854C290AED6B00D81ED2 /* PagingCollectionViewLayout .swift */ = {isa = PBXFileReference; lastKnownFileType = sourcecode.swift; path = "PagingCollectionViewLayout .swift"; sourceTree = "<group>"; };
		419F8550290AF12900D81ED2 /* NewsItem.swift */ = {isa = PBXFileReference; lastKnownFileType = sourcecode.swift; path = NewsItem.swift; sourceTree = "<group>"; };
		419F8552290B049B00D81ED2 /* NewsCell.xib */ = {isa = PBXFileReference; lastKnownFileType = file.xib; path = NewsCell.xib; sourceTree = "<group>"; };
		41ACBA5C290B1EAE00BDF9D0 /* NewsTag.xib */ = {isa = PBXFileReference; lastKnownFileType = file.xib; path = NewsTag.xib; sourceTree = "<group>"; };
		41ACBA5E290B1EBA00BDF9D0 /* NewsTagView.swift */ = {isa = PBXFileReference; lastKnownFileType = sourcecode.swift; path = NewsTagView.swift; sourceTree = "<group>"; };
		41ACBA61290B229B00BDF9D0 /* UIStackView+clear.swift */ = {isa = PBXFileReference; lastKnownFileType = sourcecode.swift; path = "UIStackView+clear.swift"; sourceTree = "<group>"; };
		41ACBA64290B265E00BDF9D0 /* XIBView.swift */ = {isa = PBXFileReference; lastKnownFileType = sourcecode.swift; path = XIBView.swift; sourceTree = "<group>"; };
		41ACBA67290B2F3700BDF9D0 /* ImageLoader.swift */ = {isa = PBXFileReference; lastKnownFileType = sourcecode.swift; path = ImageLoader.swift; sourceTree = "<group>"; };
		41ACBA6A290B323D00BDF9D0 /* UIImage+resize.swift */ = {isa = PBXFileReference; lastKnownFileType = sourcecode.swift; path = "UIImage+resize.swift"; sourceTree = "<group>"; };
		41ACBA6D290CA6E800BDF9D0 /* DailyProgressView.swift */ = {isa = PBXFileReference; lastKnownFileType = sourcecode.swift; path = DailyProgressView.swift; sourceTree = "<group>"; };
		41ACBA6F290CADA400BDF9D0 /* Color+hex.swift */ = {isa = PBXFileReference; lastKnownFileType = sourcecode.swift; path = "Color+hex.swift"; sourceTree = "<group>"; };
		41ACBA71290CB07F00BDF9D0 /* DailyProgressModel.swift */ = {isa = PBXFileReference; lastKnownFileType = sourcecode.swift; path = DailyProgressModel.swift; sourceTree = "<group>"; };
		41B4A79A28FDA2B400E553D3 /* TabBarCoordinator.swift */ = {isa = PBXFileReference; lastKnownFileType = sourcecode.swift; path = TabBarCoordinator.swift; sourceTree = "<group>"; };
		41B4A79D28FDA2C600E553D3 /* TabBarAssembly.swift */ = {isa = PBXFileReference; lastKnownFileType = sourcecode.swift; path = TabBarAssembly.swift; sourceTree = "<group>"; };
		41B4A7A128FDB62A00E553D3 /* Colors.xcassets */ = {isa = PBXFileReference; lastKnownFileType = folder.assetcatalog; path = Colors.xcassets; sourceTree = "<group>"; };
		41B4A7A428FDC15D00E553D3 /* UIColor+hex.swift */ = {isa = PBXFileReference; lastKnownFileType = sourcecode.swift; path = "UIColor+hex.swift"; sourceTree = "<group>"; };
		41B4A7A728FDC24800E553D3 /* ColorsConfig.swift */ = {isa = PBXFileReference; lastKnownFileType = sourcecode.swift; path = ColorsConfig.swift; sourceTree = "<group>"; };
		41B4A7A928FDCD4E00E553D3 /* ImageConfig.swift */ = {isa = PBXFileReference; lastKnownFileType = sourcecode.swift; path = ImageConfig.swift; sourceTree = "<group>"; };
		41B4A7B728FDCF9600E553D3 /* ReceiptsViewModel.swift */ = {isa = PBXFileReference; lastKnownFileType = sourcecode.swift; path = ReceiptsViewModel.swift; sourceTree = "<group>"; };
		41B4A7BA28FDCFAD00E553D3 /* ReceiptsModelInput.swift */ = {isa = PBXFileReference; lastKnownFileType = sourcecode.swift; path = ReceiptsModelInput.swift; sourceTree = "<group>"; };
		41B4A7BC28FDCFB600E553D3 /* ReceiptsModelOutput.swift */ = {isa = PBXFileReference; lastKnownFileType = sourcecode.swift; path = ReceiptsModelOutput.swift; sourceTree = "<group>"; };
		41B4A7BF28FDD01000E553D3 /* ReceiptsModel+lifecycle.swift */ = {isa = PBXFileReference; lastKnownFileType = sourcecode.swift; path = "ReceiptsModel+lifecycle.swift"; sourceTree = "<group>"; };
		41B4A7C128FDD02800E553D3 /* ReceiptModel+Input.swift */ = {isa = PBXFileReference; lastKnownFileType = sourcecode.swift; path = "ReceiptModel+Input.swift"; sourceTree = "<group>"; };
		41B4A7C328FDD1F200E553D3 /* FitnessViewModel.swift */ = {isa = PBXFileReference; lastKnownFileType = sourcecode.swift; path = FitnessViewModel.swift; sourceTree = "<group>"; };
		41B4A7C628FDD21700E553D3 /* FitnessModelInput.swift */ = {isa = PBXFileReference; lastKnownFileType = sourcecode.swift; path = FitnessModelInput.swift; sourceTree = "<group>"; };
		41B4A7C828FDD23C00E553D3 /* FitnessModelOutput.swift */ = {isa = PBXFileReference; lastKnownFileType = sourcecode.swift; path = FitnessModelOutput.swift; sourceTree = "<group>"; };
		41B4A7CC28FDD26200E553D3 /* FitnessModel+Lifecycle.swift */ = {isa = PBXFileReference; lastKnownFileType = sourcecode.swift; path = "FitnessModel+Lifecycle.swift"; sourceTree = "<group>"; };
		41B4A7CE28FDD28300E553D3 /* FitnessModel+input.swift */ = {isa = PBXFileReference; lastKnownFileType = sourcecode.swift; path = "FitnessModel+input.swift"; sourceTree = "<group>"; };
		41B4A7D228FDD2BF00E553D3 /* StatisticsViewModel.swift */ = {isa = PBXFileReference; lastKnownFileType = sourcecode.swift; path = StatisticsViewModel.swift; sourceTree = "<group>"; };
		41B4A7D428FDD2D900E553D3 /* StatisticsModelInput.swift */ = {isa = PBXFileReference; lastKnownFileType = sourcecode.swift; path = StatisticsModelInput.swift; sourceTree = "<group>"; };
		41B4A7D628FDD2EF00E553D3 /* StatisticsModelOutput.swift */ = {isa = PBXFileReference; lastKnownFileType = sourcecode.swift; path = StatisticsModelOutput.swift; sourceTree = "<group>"; };
		41B4A7D828FDD30A00E553D3 /* StatisticsModel+Lifecycle.swift */ = {isa = PBXFileReference; lastKnownFileType = sourcecode.swift; path = "StatisticsModel+Lifecycle.swift"; sourceTree = "<group>"; };
		41B4A7DA28FDD32E00E553D3 /* StatisticsModel+Input.swift */ = {isa = PBXFileReference; lastKnownFileType = sourcecode.swift; path = "StatisticsModel+Input.swift"; sourceTree = "<group>"; };
		41B4A7DF28FDD49200E553D3 /* ReceiptsViewProtocol.swift */ = {isa = PBXFileReference; lastKnownFileType = sourcecode.swift; path = ReceiptsViewProtocol.swift; sourceTree = "<group>"; };
		41B4A7E128FDD49C00E553D3 /* FitnessViewProtocol.swift */ = {isa = PBXFileReference; lastKnownFileType = sourcecode.swift; path = FitnessViewProtocol.swift; sourceTree = "<group>"; };
		41B4A7E428FDD4AF00E553D3 /* StatisticsViewProtocol.swift */ = {isa = PBXFileReference; lastKnownFileType = sourcecode.swift; path = StatisticsViewProtocol.swift; sourceTree = "<group>"; };
		41B4A7E628FDD50500E553D3 /* ReceiptsView.swift */ = {isa = PBXFileReference; lastKnownFileType = sourcecode.swift; path = ReceiptsView.swift; sourceTree = "<group>"; };
		41B4A7E828FDD51200E553D3 /* FitnessView.swift */ = {isa = PBXFileReference; lastKnownFileType = sourcecode.swift; path = FitnessView.swift; sourceTree = "<group>"; };
		41B4A7EA28FDD52000E553D3 /* StatisticsView.swift */ = {isa = PBXFileReference; lastKnownFileType = sourcecode.swift; path = StatisticsView.swift; sourceTree = "<group>"; };
		41B4A7EC28FDD58700E553D3 /* Receipts.storyboard */ = {isa = PBXFileReference; lastKnownFileType = file.storyboard; path = Receipts.storyboard; sourceTree = "<group>"; };
		41B4A7EE28FDD5BD00E553D3 /* Fitness.storyboard */ = {isa = PBXFileReference; lastKnownFileType = file.storyboard; path = Fitness.storyboard; sourceTree = "<group>"; };
		41B4A7F028FDD65200E553D3 /* Statistics.storyboard */ = {isa = PBXFileReference; lastKnownFileType = file.storyboard; path = Statistics.storyboard; sourceTree = "<group>"; };
		41B4A7F228FDD67700E553D3 /* ReceiptsView+Lifecycle.swift */ = {isa = PBXFileReference; lastKnownFileType = sourcecode.swift; path = "ReceiptsView+Lifecycle.swift"; sourceTree = "<group>"; };
		41B4A7F428FDD68E00E553D3 /* ReceiptsView+Output.swift */ = {isa = PBXFileReference; lastKnownFileType = sourcecode.swift; path = "ReceiptsView+Output.swift"; sourceTree = "<group>"; };
		41B4A7F628FDD69E00E553D3 /* FitnessView+Lifecycle.swift */ = {isa = PBXFileReference; lastKnownFileType = sourcecode.swift; path = "FitnessView+Lifecycle.swift"; sourceTree = "<group>"; };
		41B4A7F828FDD6AE00E553D3 /* FitnessView+Output.swift */ = {isa = PBXFileReference; lastKnownFileType = sourcecode.swift; path = "FitnessView+Output.swift"; sourceTree = "<group>"; };
		41B4A7FA28FDD6BC00E553D3 /* StatisticsView+Lifecycle.swift */ = {isa = PBXFileReference; lastKnownFileType = sourcecode.swift; path = "StatisticsView+Lifecycle.swift"; sourceTree = "<group>"; };
		41B4A7FD28FDD6D000E553D3 /* StatisticsView+Output.swift */ = {isa = PBXFileReference; lastKnownFileType = sourcecode.swift; path = "StatisticsView+Output.swift"; sourceTree = "<group>"; };
		41B4A80028FDD75F00E553D3 /* ReceiptsAssembly.swift */ = {isa = PBXFileReference; lastKnownFileType = sourcecode.swift; path = ReceiptsAssembly.swift; sourceTree = "<group>"; };
		41B4A80228FDD7BD00E553D3 /* FitnessAssembly.swift */ = {isa = PBXFileReference; lastKnownFileType = sourcecode.swift; path = FitnessAssembly.swift; sourceTree = "<group>"; };
		41B4A80428FDD7CE00E553D3 /* StatisticsAssembly.swift */ = {isa = PBXFileReference; lastKnownFileType = sourcecode.swift; path = StatisticsAssembly.swift; sourceTree = "<group>"; };
		41B4A80628FDD86200E553D3 /* ReceiptsCoordinator.swift */ = {isa = PBXFileReference; lastKnownFileType = sourcecode.swift; path = ReceiptsCoordinator.swift; sourceTree = "<group>"; };
		41B4A80828FDD88C00E553D3 /* FitnessCoordinator.swift */ = {isa = PBXFileReference; lastKnownFileType = sourcecode.swift; path = FitnessCoordinator.swift; sourceTree = "<group>"; };
		41B4A80A28FDD89A00E553D3 /* StatisticsCoordinator.swift */ = {isa = PBXFileReference; lastKnownFileType = sourcecode.swift; path = StatisticsCoordinator.swift; sourceTree = "<group>"; };
		41C2EF7428F2FE4D005DDB5B /* AppCoordinator.swift */ = {isa = PBXFileReference; lastKnownFileType = sourcecode.swift; path = AppCoordinator.swift; sourceTree = "<group>"; };
		41C2EF7928F30103005DDB5B /* Coordinatable.swift */ = {isa = PBXFileReference; lastKnownFileType = sourcecode.swift; path = Coordinatable.swift; sourceTree = "<group>"; };
		41C2EF7B28F30430005DDB5B /* Routable.swift */ = {isa = PBXFileReference; lastKnownFileType = sourcecode.swift; path = Routable.swift; sourceTree = "<group>"; };
		41C2EF7D28F3045C005DDB5B /* Controllable.swift */ = {isa = PBXFileReference; lastKnownFileType = sourcecode.swift; path = Controllable.swift; sourceTree = "<group>"; };
		41C2EF8028F30C38005DDB5B /* Router.swift */ = {isa = PBXFileReference; lastKnownFileType = sourcecode.swift; path = Router.swift; sourceTree = "<group>"; };
		41C2EF8628F314A5005DDB5B /* ProfileCoordinator.swift */ = {isa = PBXFileReference; lastKnownFileType = sourcecode.swift; path = ProfileCoordinator.swift; sourceTree = "<group>"; };
		41C2EF8828F314AF005DDB5B /* ProfileAssembly.swift */ = {isa = PBXFileReference; lastKnownFileType = sourcecode.swift; path = ProfileAssembly.swift; sourceTree = "<group>"; };
		41C2EF8B28F31512005DDB5B /* BaseViewModel.swift */ = {isa = PBXFileReference; lastKnownFileType = sourcecode.swift; path = BaseViewModel.swift; sourceTree = "<group>"; };
		41C2EF8D28F31523005DDB5B /* BaseAssembly.swift */ = {isa = PBXFileReference; lastKnownFileType = sourcecode.swift; path = BaseAssembly.swift; sourceTree = "<group>"; };
		41C2EF8F28F3363E005DDB5B /* ProfileViewProtocol.swift */ = {isa = PBXFileReference; lastKnownFileType = sourcecode.swift; path = ProfileViewProtocol.swift; sourceTree = "<group>"; };
		41C2EF9128F33647005DDB5B /* ProfileView.swift */ = {isa = PBXFileReference; lastKnownFileType = sourcecode.swift; path = ProfileView.swift; sourceTree = "<group>"; };
		41C2EF9328F336CD005DDB5B /* ProfileViewModel.swift */ = {isa = PBXFileReference; lastKnownFileType = sourcecode.swift; path = ProfileViewModel.swift; sourceTree = "<group>"; };
		41C2EF9628F336FE005DDB5B /* ProfileModelInput.swift */ = {isa = PBXFileReference; lastKnownFileType = sourcecode.swift; path = ProfileModelInput.swift; sourceTree = "<group>"; };
		41C2EF9828F33728005DDB5B /* ProfileModelOutput.swift */ = {isa = PBXFileReference; lastKnownFileType = sourcecode.swift; path = ProfileModelOutput.swift; sourceTree = "<group>"; };
		41C2EF9A28F337EF005DDB5B /* ViewController.swift */ = {isa = PBXFileReference; lastKnownFileType = sourcecode.swift; path = ViewController.swift; sourceTree = "<group>"; };
		41C2EF9D28F33969005DDB5B /* ProfileModel+lifecycle.swift */ = {isa = PBXFileReference; lastKnownFileType = sourcecode.swift; path = "ProfileModel+lifecycle.swift"; sourceTree = "<group>"; };
		41C2EFA028F33BB3005DDB5B /* ProfileView+lifecycle.swift */ = {isa = PBXFileReference; lastKnownFileType = sourcecode.swift; path = "ProfileView+lifecycle.swift"; sourceTree = "<group>"; };
		41C2EFA228F33CEE005DDB5B /* ProfileView+Output.swift */ = {isa = PBXFileReference; lastKnownFileType = sourcecode.swift; path = "ProfileView+Output.swift"; sourceTree = "<group>"; };
		41C2EFA428F33D32005DDB5B /* ProfileModel+Input.swift */ = {isa = PBXFileReference; lastKnownFileType = sourcecode.swift; path = "ProfileModel+Input.swift"; sourceTree = "<group>"; };
		41C2EFA628F33E0D005DDB5B /* Profile.storyboard */ = {isa = PBXFileReference; lastKnownFileType = file.storyboard; path = Profile.storyboard; sourceTree = "<group>"; };
		41C2EFAB28F33E7B005DDB5B /* Controller+Storyboard.swift */ = {isa = PBXFileReference; lastKnownFileType = sourcecode.swift; path = "Controller+Storyboard.swift"; sourceTree = "<group>"; };
		41F0DE4A290DA4360085AC41 /* NewsDelegate.swift */ = {isa = PBXFileReference; lastKnownFileType = sourcecode.swift; path = NewsDelegate.swift; sourceTree = "<group>"; };
		41F0DE5A290DA9820085AC41 /* NewsView.swift */ = {isa = PBXFileReference; lastKnownFileType = sourcecode.swift; path = NewsView.swift; sourceTree = "<group>"; };
		41F0DE5C290DA98D0085AC41 /* NewsModel.swift */ = {isa = PBXFileReference; lastKnownFileType = sourcecode.swift; path = NewsModel.swift; sourceTree = "<group>"; };
		41F0DE5E290DAC2C0085AC41 /* ProfileView+NewsDelegate.swift */ = {isa = PBXFileReference; lastKnownFileType = sourcecode.swift; path = "ProfileView+NewsDelegate.swift"; sourceTree = "<group>"; };
		41F0DE60290DAFB70085AC41 /* InteractivePopRecognizer.swift */ = {isa = PBXFileReference; lastKnownFileType = sourcecode.swift; path = InteractivePopRecognizer.swift; sourceTree = "<group>"; };
		41F0DE64290DB6BB0085AC41 /* NewsCoordinator.swift */ = {isa = PBXFileReference; lastKnownFileType = sourcecode.swift; path = NewsCoordinator.swift; sourceTree = "<group>"; };
		41F0DE66290DB7730085AC41 /* NewsAssembly.swift */ = {isa = PBXFileReference; lastKnownFileType = sourcecode.swift; path = NewsAssembly.swift; sourceTree = "<group>"; };
		41F0DE68290DC6E20085AC41 /* Coordinator.swift */ = {isa = PBXFileReference; lastKnownFileType = sourcecode.swift; path = Coordinator.swift; sourceTree = "<group>"; };
		41F0DE6A290DD0B50085AC41 /* Typealiases.swift */ = {isa = PBXFileReference; lastKnownFileType = sourcecode.swift; path = Typealiases.swift; sourceTree = "<group>"; };
		41F0DE6D290DE4260085AC41 /* StickyHeader.swift */ = {isa = PBXFileReference; lastKnownFileType = sourcecode.swift; path = StickyHeader.swift; sourceTree = "<group>"; };
		41F2276828F2D85400856D7E /* Loopy.app */ = {isa = PBXFileReference; explicitFileType = wrapper.application; includeInIndex = 0; path = Loopy.app; sourceTree = BUILT_PRODUCTS_DIR; };
		41F2276B28F2D85400856D7E /* AppDelegate.swift */ = {isa = PBXFileReference; lastKnownFileType = sourcecode.swift; path = AppDelegate.swift; sourceTree = "<group>"; };
		41F2276D28F2D85400856D7E /* SceneDelegate.swift */ = {isa = PBXFileReference; lastKnownFileType = sourcecode.swift; path = SceneDelegate.swift; sourceTree = "<group>"; };
		41F2277528F2D85400856D7E /* Loopy.xcdatamodel */ = {isa = PBXFileReference; lastKnownFileType = wrapper.xcdatamodel; path = Loopy.xcdatamodel; sourceTree = "<group>"; };
		41F2277728F2D85800856D7E /* Images.xcassets */ = {isa = PBXFileReference; lastKnownFileType = folder.assetcatalog; path = Images.xcassets; sourceTree = "<group>"; };
		41F2277A28F2D85800856D7E /* Base */ = {isa = PBXFileReference; lastKnownFileType = file.storyboard; name = Base; path = Base.lproj/LaunchScreen.storyboard; sourceTree = "<group>"; };
		41F2277C28F2D85800856D7E /* Info.plist */ = {isa = PBXFileReference; lastKnownFileType = text.plist.xml; path = Info.plist; sourceTree = "<group>"; };
		41F9ADD129088D1C001967BD /* DailyPlateView+Highlight.swift */ = {isa = PBXFileReference; lastKnownFileType = sourcecode.swift; path = "DailyPlateView+Highlight.swift"; sourceTree = "<group>"; };
		41F9ADD629089207001967BD /* Plate.swift */ = {isa = PBXFileReference; lastKnownFileType = sourcecode.swift; path = Plate.swift; sourceTree = "<group>"; };
		88C19348CF9D0B0F87CF46CD /* Pods-Loopy.release.xcconfig */ = {isa = PBXFileReference; includeInIndex = 1; lastKnownFileType = text.xcconfig; name = "Pods-Loopy.release.xcconfig"; path = "Target Support Files/Pods-Loopy/Pods-Loopy.release.xcconfig"; sourceTree = "<group>"; };
/* End PBXFileReference section */

/* Begin PBXFrameworksBuildPhase section */
		41F2276528F2D85400856D7E /* Frameworks */ = {
			isa = PBXFrameworksBuildPhase;
			buildActionMask = 2147483647;
			files = (
				209FFD1ADE0222B249D77C70 /* Pods_Loopy.framework in Frameworks */,
			);
			runOnlyForDeploymentPostprocessing = 0;
		};
/* End PBXFrameworksBuildPhase section */

/* Begin PBXGroup section */
		4155B67C2911D21000AEC407 /* View */ = {
			isa = PBXGroup;
			children = (
				4155B67D2911D22400AEC407 /* UIView+touchFeedback.swift */,
			);
			path = View;
			sourceTree = "<group>";
		};
		4163328B2901EB6900A1A12B /* Helpers */ = {
			isa = PBXGroup;
			children = (
				41ACBA66290B2F0F00BDF9D0 /* HelperTools */,
				4163328C2901EB6F00A1A12B /* PropertyWrappers */,
			);
			path = Helpers;
			sourceTree = "<group>";
		};
		4163328C2901EB6F00A1A12B /* PropertyWrappers */ = {
			isa = PBXGroup;
			children = (
				4163328D2901EB9600A1A12B /* Link.swift */,
				419F84F0290ADDB500D81ED2 /* UsesAutoLayout.swift */,
			);
			path = PropertyWrappers;
			sourceTree = "<group>";
		};
		417CF33A29056E93000862CE /* Subviews */ = {
			isa = PBXGroup;
			children = (
				41ACBA6C290CA4D300BDF9D0 /* ProgressView */,
				41ACBA5B290B1E9D00BDF9D0 /* NewsTag */,
				41B4113E2909D316007BEB57 /* NewsCollection */,
				417CF33B29057F0F000862CE /* DailyPlate */,
			);
			path = Subviews;
			sourceTree = "<group>";
		};
		417CF33B29057F0F000862CE /* DailyPlate */ = {
			isa = PBXGroup;
			children = (
				417CF33F29057F75000862CE /* DailyPlate.xib */,
				417CF33D29057F38000862CE /* DailyPlateView.swift */,
				41F9ADD629089207001967BD /* Plate.swift */,
				4194EBF829088382006B096F /* Protocols */,
				417CF34129058164000862CE /* Extensions */,
			);
			path = DailyPlate;
			sourceTree = "<group>";
		};
		417CF34129058164000862CE /* Extensions */ = {
			isa = PBXGroup;
			children = (
				417CF34229058178000862CE /* DailyPlate+IBDesignable.swift */,
				4194EBFB290883DE006B096F /* DailyPlateView+PlateProtocol.swift */,
				41F9ADD129088D1C001967BD /* DailyPlateView+Highlight.swift */,
			);
			path = Extensions;
			sourceTree = "<group>";
		};
		4194EBF829088382006B096F /* Protocols */ = {
			isa = PBXGroup;
			children = (
				4194EBF929088392006B096F /* PlateProtocol.swift */,
			);
			path = Protocols;
			sourceTree = "<group>";
		};
		419F8539290ADE6300D81ED2 /* Utils */ = {
			isa = PBXGroup;
			children = (
				419F853A290ADE7700D81ED2 /* Operators */,
				419F8543290AE4A400D81ED2 /* Macros.swift */,
				41F0DE6A290DD0B50085AC41 /* Typealiases.swift */,
			);
			path = Utils;
			sourceTree = "<group>";
		};
		419F853A290ADE7700D81ED2 /* Operators */ = {
			isa = PBXGroup;
			children = (
				419F853B290ADEBE00D81ED2 /* CallOnFlyOperator.swift */,
			);
			path = Operators;
			sourceTree = "<group>";
		};
		419F8545290AE6F800D81ED2 /* Tools */ = {
			isa = PBXGroup;
			children = (
				41ACBA64290B265E00BDF9D0 /* XIBView.swift */,
				419F8546290AE72700D81ED2 /* ReusableCell.swift */,
			);
			path = Tools;
			sourceTree = "<group>";
		};
		419F854A290AED4C00D81ED2 /* UIComponents */ = {
			isa = PBXGroup;
			children = (
				41F0DE6C290DE40E0085AC41 /* SUI */,
				419F854B290AED5300D81ED2 /* CollectionViewLayout */,
			);
			path = UIComponents;
			sourceTree = "<group>";
		};
		419F854B290AED5300D81ED2 /* CollectionViewLayout */ = {
			isa = PBXGroup;
			children = (
				419F854C290AED6B00D81ED2 /* PagingCollectionViewLayout .swift */,
			);
			path = CollectionViewLayout;
			sourceTree = "<group>";
		};
		419F854E290AF11700D81ED2 /* Models */ = {
			isa = PBXGroup;
			children = (
				419F854F290AF11D00D81ED2 /* Home */,
			);
			path = Models;
			sourceTree = "<group>";
		};
		419F854F290AF11D00D81ED2 /* Home */ = {
			isa = PBXGroup;
			children = (
				419F8550290AF12900D81ED2 /* NewsItem.swift */,
			);
			path = Home;
			sourceTree = "<group>";
		};
		41ACBA5B290B1E9D00BDF9D0 /* NewsTag */ = {
			isa = PBXGroup;
			children = (
				41ACBA5C290B1EAE00BDF9D0 /* NewsTag.xib */,
				41ACBA5E290B1EBA00BDF9D0 /* NewsTagView.swift */,
			);
			path = NewsTag;
			sourceTree = "<group>";
		};
		41ACBA60290B228B00BDF9D0 /* StackView */ = {
			isa = PBXGroup;
			children = (
				41ACBA61290B229B00BDF9D0 /* UIStackView+clear.swift */,
			);
			path = StackView;
			sourceTree = "<group>";
		};
		41ACBA66290B2F0F00BDF9D0 /* HelperTools */ = {
			isa = PBXGroup;
			children = (
				41ACBA67290B2F3700BDF9D0 /* ImageLoader.swift */,
				41F0DE60290DAFB70085AC41 /* InteractivePopRecognizer.swift */,
				4155B67F2911D36200AEC407 /* TouchGestureRecognizer.swift */,
			);
			path = HelperTools;
			sourceTree = "<group>";
		};
		41ACBA69290B323100BDF9D0 /* Image */ = {
			isa = PBXGroup;
			children = (
				41ACBA6A290B323D00BDF9D0 /* UIImage+resize.swift */,
			);
			path = Image;
			sourceTree = "<group>";
		};
		41ACBA6C290CA4D300BDF9D0 /* ProgressView */ = {
			isa = PBXGroup;
			children = (
				41ACBA6D290CA6E800BDF9D0 /* DailyProgressView.swift */,
				41ACBA71290CB07F00BDF9D0 /* DailyProgressModel.swift */,
			);
			path = ProgressView;
			sourceTree = "<group>";
		};
		41B4113E2909D316007BEB57 /* NewsCollection */ = {
			isa = PBXGroup;
			children = (
				419F84EE290ADA7C00D81ED2 /* NewsContainerView.swift */,
				419F853D290AE25500D81ED2 /* NewsCollection.swift */,
				419F8552290B049B00D81ED2 /* NewsCell.xib */,
				419F8548290AE7D000D81ED2 /* NewsCell.swift */,
				41F0DE49290DA4230085AC41 /* Protocols */,
				41B411412909D33B007BEB57 /* Extensions */,
			);
			path = NewsCollection;
			sourceTree = "<group>";
		};
		41B411412909D33B007BEB57 /* Extensions */ = {
			isa = PBXGroup;
			children = (
				419F853F290AE30400D81ED2 /* NewsCollection+Delegate.swift */,
				419F8541290AE31200D81ED2 /* NewsCollection+DataSource.swift */,
			);
			path = Extensions;
			sourceTree = "<group>";
		};
		41B4A79828FDA26F00E553D3 /* TabBar */ = {
			isa = PBXGroup;
			children = (
				41B4A79928FDA28E00E553D3 /* Configuration */,
			);
			path = TabBar;
			sourceTree = "<group>";
		};
		41B4A79928FDA28E00E553D3 /* Configuration */ = {
			isa = PBXGroup;
			children = (
				41B4A79A28FDA2B400E553D3 /* TabBarCoordinator.swift */,
				41B4A79D28FDA2C600E553D3 /* TabBarAssembly.swift */,
			);
			path = Configuration;
			sourceTree = "<group>";
		};
		41B4A7A328FDC14D00E553D3 /* Colors */ = {
			isa = PBXGroup;
			children = (
				41B4A7A428FDC15D00E553D3 /* UIColor+hex.swift */,
				41ACBA6F290CADA400BDF9D0 /* Color+hex.swift */,
				417CF344290582ED000862CE /* CGColor+Convert.swift */,
				417CF33829056A25000862CE /* UIColor+SUIColor.swift */,
			);
			path = Colors;
			sourceTree = "<group>";
		};
		41B4A7AB28FDCE4700E553D3 /* Receipts */ = {
			isa = PBXGroup;
			children = (
				41B4A7B028FDCEA000E553D3 /* Coordinator */,
				41B4A7AF28FDCE9C00E553D3 /* UI */,
				41B4A7AE28FDCE9800E553D3 /* Model */,
			);
			path = Receipts;
			sourceTree = "<group>";
		};
		41B4A7AC28FDCE6700E553D3 /* Fitness */ = {
			isa = PBXGroup;
			children = (
				41B4A7B328FDCEAC00E553D3 /* Coordinator */,
				41B4A7B228FDCEA800E553D3 /* UI */,
				41B4A7B128FDCEA400E553D3 /* Model */,
			);
			path = Fitness;
			sourceTree = "<group>";
		};
		41B4A7AD28FDCE7200E553D3 /* Statistics */ = {
			isa = PBXGroup;
			children = (
				41B4A7B628FDCEB800E553D3 /* Coordinator */,
				41B4A7B528FDCEB500E553D3 /* UI */,
				41B4A7B428FDCEB100E553D3 /* Model */,
			);
			path = Statistics;
			sourceTree = "<group>";
		};
		41B4A7AE28FDCE9800E553D3 /* Model */ = {
			isa = PBXGroup;
			children = (
				41B4A7B728FDCF9600E553D3 /* ReceiptsViewModel.swift */,
				41B4A7B928FDCF9A00E553D3 /* Protocols */,
				41B4A7BE28FDCFBC00E553D3 /* Extensions */,
			);
			path = Model;
			sourceTree = "<group>";
		};
		41B4A7AF28FDCE9C00E553D3 /* UI */ = {
			isa = PBXGroup;
			children = (
				41B4A7EC28FDD58700E553D3 /* Receipts.storyboard */,
				41B4A7E628FDD50500E553D3 /* ReceiptsView.swift */,
				41B4A7DF28FDD49200E553D3 /* ReceiptsViewProtocol.swift */,
				41B4A7DC28FDD46000E553D3 /* Extensions */,
			);
			path = UI;
			sourceTree = "<group>";
		};
		41B4A7B028FDCEA000E553D3 /* Coordinator */ = {
			isa = PBXGroup;
			children = (
				41B4A80628FDD86200E553D3 /* ReceiptsCoordinator.swift */,
				41B4A80028FDD75F00E553D3 /* ReceiptsAssembly.swift */,
			);
			path = Coordinator;
			sourceTree = "<group>";
		};
		41B4A7B128FDCEA400E553D3 /* Model */ = {
			isa = PBXGroup;
			children = (
				41B4A7C328FDD1F200E553D3 /* FitnessViewModel.swift */,
				41B4A7C528FDD20900E553D3 /* Protocols */,
				41B4A7CA28FDD24A00E553D3 /* Extensions */,
			);
			path = Model;
			sourceTree = "<group>";
		};
		41B4A7B228FDCEA800E553D3 /* UI */ = {
			isa = PBXGroup;
			children = (
				41B4A7EE28FDD5BD00E553D3 /* Fitness.storyboard */,
				41B4A7E828FDD51200E553D3 /* FitnessView.swift */,
				41B4A7E128FDD49C00E553D3 /* FitnessViewProtocol.swift */,
				41B4A7DD28FDD47300E553D3 /* Extensions */,
			);
			path = UI;
			sourceTree = "<group>";
		};
		41B4A7B328FDCEAC00E553D3 /* Coordinator */ = {
			isa = PBXGroup;
			children = (
				41B4A80828FDD88C00E553D3 /* FitnessCoordinator.swift */,
				41B4A80228FDD7BD00E553D3 /* FitnessAssembly.swift */,
			);
			path = Coordinator;
			sourceTree = "<group>";
		};
		41B4A7B428FDCEB100E553D3 /* Model */ = {
			isa = PBXGroup;
			children = (
				41B4A7D228FDD2BF00E553D3 /* StatisticsViewModel.swift */,
				41B4A7D028FDD2A900E553D3 /* Protocols */,
				41B4A7D128FDD2B000E553D3 /* Extensions */,
			);
			path = Model;
			sourceTree = "<group>";
		};
		41B4A7B528FDCEB500E553D3 /* UI */ = {
			isa = PBXGroup;
			children = (
				41B4A7F028FDD65200E553D3 /* Statistics.storyboard */,
				41B4A7EA28FDD52000E553D3 /* StatisticsView.swift */,
				41B4A7E428FDD4AF00E553D3 /* StatisticsViewProtocol.swift */,
				41B4A7DE28FDD47B00E553D3 /* Extensions */,
			);
			path = UI;
			sourceTree = "<group>";
		};
		41B4A7B628FDCEB800E553D3 /* Coordinator */ = {
			isa = PBXGroup;
			children = (
				41B4A80A28FDD89A00E553D3 /* StatisticsCoordinator.swift */,
				41B4A80428FDD7CE00E553D3 /* StatisticsAssembly.swift */,
			);
			path = Coordinator;
			sourceTree = "<group>";
		};
		41B4A7B928FDCF9A00E553D3 /* Protocols */ = {
			isa = PBXGroup;
			children = (
				41B4A7BA28FDCFAD00E553D3 /* ReceiptsModelInput.swift */,
				41B4A7BC28FDCFB600E553D3 /* ReceiptsModelOutput.swift */,
			);
			path = Protocols;
			sourceTree = "<group>";
		};
		41B4A7BE28FDCFBC00E553D3 /* Extensions */ = {
			isa = PBXGroup;
			children = (
				41B4A7BF28FDD01000E553D3 /* ReceiptsModel+lifecycle.swift */,
				41B4A7C128FDD02800E553D3 /* ReceiptModel+Input.swift */,
			);
			path = Extensions;
			sourceTree = "<group>";
		};
		41B4A7C528FDD20900E553D3 /* Protocols */ = {
			isa = PBXGroup;
			children = (
				41B4A7C628FDD21700E553D3 /* FitnessModelInput.swift */,
				41B4A7C828FDD23C00E553D3 /* FitnessModelOutput.swift */,
			);
			path = Protocols;
			sourceTree = "<group>";
		};
		41B4A7CA28FDD24A00E553D3 /* Extensions */ = {
			isa = PBXGroup;
			children = (
				41B4A7CC28FDD26200E553D3 /* FitnessModel+Lifecycle.swift */,
				41B4A7CE28FDD28300E553D3 /* FitnessModel+input.swift */,
			);
			path = Extensions;
			sourceTree = "<group>";
		};
		41B4A7D028FDD2A900E553D3 /* Protocols */ = {
			isa = PBXGroup;
			children = (
				41B4A7D428FDD2D900E553D3 /* StatisticsModelInput.swift */,
				41B4A7D628FDD2EF00E553D3 /* StatisticsModelOutput.swift */,
			);
			path = Protocols;
			sourceTree = "<group>";
		};
		41B4A7D128FDD2B000E553D3 /* Extensions */ = {
			isa = PBXGroup;
			children = (
				41B4A7D828FDD30A00E553D3 /* StatisticsModel+Lifecycle.swift */,
				41B4A7DA28FDD32E00E553D3 /* StatisticsModel+Input.swift */,
			);
			path = Extensions;
			sourceTree = "<group>";
		};
		41B4A7DC28FDD46000E553D3 /* Extensions */ = {
			isa = PBXGroup;
			children = (
				41B4A7F228FDD67700E553D3 /* ReceiptsView+Lifecycle.swift */,
				41B4A7F428FDD68E00E553D3 /* ReceiptsView+Output.swift */,
			);
			path = Extensions;
			sourceTree = "<group>";
		};
		41B4A7DD28FDD47300E553D3 /* Extensions */ = {
			isa = PBXGroup;
			children = (
				41B4A7F628FDD69E00E553D3 /* FitnessView+Lifecycle.swift */,
				41B4A7F828FDD6AE00E553D3 /* FitnessView+Output.swift */,
			);
			path = Extensions;
			sourceTree = "<group>";
		};
		41B4A7DE28FDD47B00E553D3 /* Extensions */ = {
			isa = PBXGroup;
			children = (
				41B4A7FA28FDD6BC00E553D3 /* StatisticsView+Lifecycle.swift */,
				41B4A7FD28FDD6D000E553D3 /* StatisticsView+Output.swift */,
			);
			path = Extensions;
			sourceTree = "<group>";
		};
		41C2EF7128F2FDDC005DDB5B /* App */ = {
			isa = PBXGroup;
			children = (
				41F2276B28F2D85400856D7E /* AppDelegate.swift */,
				41F2276D28F2D85400856D7E /* SceneDelegate.swift */,
				41C2EF7428F2FE4D005DDB5B /* AppCoordinator.swift */,
				41F2277928F2D85800856D7E /* LaunchScreen.storyboard */,
			);
			path = App;
			sourceTree = "<group>";
		};
		41C2EF7228F2FDE3005DDB5B /* Resources */ = {
			isa = PBXGroup;
			children = (
				41F2277728F2D85800856D7E /* Images.xcassets */,
				41B4A7A928FDCD4E00E553D3 /* ImageConfig.swift */,
				41B4A7A128FDB62A00E553D3 /* Colors.xcassets */,
				41B4A7A728FDC24800E553D3 /* ColorsConfig.swift */,
				41F2277428F2D85400856D7E /* Loopy.xcdatamodeld */,
				41F2277C28F2D85800856D7E /* Info.plist */,
				417BE81E28F2DD1D00EC1C28 /* GoogleService-Info.plist */,
			);
			path = Resources;
			sourceTree = "<group>";
		};
		41C2EF7328F2FE2C005DDB5B /* Modules */ = {
			isa = PBXGroup;
			children = (
				41B4A79828FDA26F00E553D3 /* TabBar */,
				41C2EF8228F31331005DDB5B /* Profile */,
				41B4A7AB28FDCE4700E553D3 /* Receipts */,
				41B4A7AC28FDCE6700E553D3 /* Fitness */,
				41B4A7AD28FDCE7200E553D3 /* Statistics */,
				41F0DE59290DA90C0085AC41 /* News */,
			);
			path = Modules;
			sourceTree = "<group>";
		};
		41C2EF7628F300AA005DDB5B /* General */ = {
			isa = PBXGroup;
			children = (
				419F854E290AF11700D81ED2 /* Models */,
				419F854A290AED4C00D81ED2 /* UIComponents */,
				419F8539290ADE6300D81ED2 /* Utils */,
				4163328B2901EB6900A1A12B /* Helpers */,
				41C2EF7F28F30C2B005DDB5B /* ModuleComponents */,
				41C2EF7728F300DC005DDB5B /* Protocols */,
				41C2EFA828F33E52005DDB5B /* Extensions */,
			);
			path = General;
			sourceTree = "<group>";
		};
		41C2EF7728F300DC005DDB5B /* Protocols */ = {
			isa = PBXGroup;
			children = (
				419F8545290AE6F800D81ED2 /* Tools */,
				41C2EF8A28F314F8005DDB5B /* BaseComponents */,
				41C2EF7828F300EB005DDB5B /* BaseRouting */,
			);
			path = Protocols;
			sourceTree = "<group>";
		};
		41C2EF7828F300EB005DDB5B /* BaseRouting */ = {
			isa = PBXGroup;
			children = (
				41C2EF7928F30103005DDB5B /* Coordinatable.swift */,
				41C2EF7D28F3045C005DDB5B /* Controllable.swift */,
				41C2EF7B28F30430005DDB5B /* Routable.swift */,
			);
			path = BaseRouting;
			sourceTree = "<group>";
		};
		41C2EF7F28F30C2B005DDB5B /* ModuleComponents */ = {
			isa = PBXGroup;
			children = (
				41C2EF8028F30C38005DDB5B /* Router.swift */,
				41C2EF9A28F337EF005DDB5B /* ViewController.swift */,
				41F0DE68290DC6E20085AC41 /* Coordinator.swift */,
			);
			path = ModuleComponents;
			sourceTree = "<group>";
		};
		41C2EF8228F31331005DDB5B /* Profile */ = {
			isa = PBXGroup;
			children = (
				41C2EF8328F31338005DDB5B /* Coordinator */,
				41C2EF8428F3133E005DDB5B /* UI */,
				41C2EF8528F31357005DDB5B /* Model */,
			);
			path = Profile;
			sourceTree = "<group>";
		};
		41C2EF8328F31338005DDB5B /* Coordinator */ = {
			isa = PBXGroup;
			children = (
				41C2EF8628F314A5005DDB5B /* ProfileCoordinator.swift */,
				41C2EF8828F314AF005DDB5B /* ProfileAssembly.swift */,
			);
			path = Coordinator;
			sourceTree = "<group>";
		};
		41C2EF8428F3133E005DDB5B /* UI */ = {
			isa = PBXGroup;
			children = (
				41C2EFA628F33E0D005DDB5B /* Profile.storyboard */,
				41C2EF9128F33647005DDB5B /* ProfileView.swift */,
				41C2EF8F28F3363E005DDB5B /* ProfileViewProtocol.swift */,
				41C2EF9F28F33BA1005DDB5B /* Extensions */,
				417CF33A29056E93000862CE /* Subviews */,
			);
			path = UI;
			sourceTree = "<group>";
		};
		41C2EF8528F31357005DDB5B /* Model */ = {
			isa = PBXGroup;
			children = (
				41C2EF9328F336CD005DDB5B /* ProfileViewModel.swift */,
				41C2EF9528F336E2005DDB5B /* Protocols */,
				41C2EF9C28F33944005DDB5B /* Extensions */,
			);
			path = Model;
			sourceTree = "<group>";
		};
		41C2EF8A28F314F8005DDB5B /* BaseComponents */ = {
			isa = PBXGroup;
			children = (
				41C2EF8B28F31512005DDB5B /* BaseViewModel.swift */,
				41C2EF8D28F31523005DDB5B /* BaseAssembly.swift */,
			);
			path = BaseComponents;
			sourceTree = "<group>";
		};
		41C2EF9528F336E2005DDB5B /* Protocols */ = {
			isa = PBXGroup;
			children = (
				41C2EF9628F336FE005DDB5B /* ProfileModelInput.swift */,
				41C2EF9828F33728005DDB5B /* ProfileModelOutput.swift */,
			);
			path = Protocols;
			sourceTree = "<group>";
		};
		41C2EF9C28F33944005DDB5B /* Extensions */ = {
			isa = PBXGroup;
			children = (
				41C2EF9D28F33969005DDB5B /* ProfileModel+lifecycle.swift */,
				41C2EFA428F33D32005DDB5B /* ProfileModel+Input.swift */,
				41F0DE5E290DAC2C0085AC41 /* ProfileView+NewsDelegate.swift */,
			);
			path = Extensions;
			sourceTree = "<group>";
		};
		41C2EF9F28F33BA1005DDB5B /* Extensions */ = {
			isa = PBXGroup;
			children = (
				41C2EFA028F33BB3005DDB5B /* ProfileView+lifecycle.swift */,
				41C2EFA228F33CEE005DDB5B /* ProfileView+Output.swift */,
			);
			path = Extensions;
			sourceTree = "<group>";
		};
		41C2EFA828F33E52005DDB5B /* Extensions */ = {
			isa = PBXGroup;
			children = (
				41C2EFA928F33E5C005DDB5B /* UI */,
			);
			path = Extensions;
			sourceTree = "<group>";
		};
		41C2EFA928F33E5C005DDB5B /* UI */ = {
			isa = PBXGroup;
			children = (
				4155B67C2911D21000AEC407 /* View */,
				41ACBA69290B323100BDF9D0 /* Image */,
				41ACBA60290B228B00BDF9D0 /* StackView */,
				41B4A7A328FDC14D00E553D3 /* Colors */,
				41C2EFAA28F33E65005DDB5B /* ViewController */,
			);
			path = UI;
			sourceTree = "<group>";
		};
		41C2EFAA28F33E65005DDB5B /* ViewController */ = {
			isa = PBXGroup;
			children = (
				41C2EFAB28F33E7B005DDB5B /* Controller+Storyboard.swift */,
			);
			path = ViewController;
			sourceTree = "<group>";
		};
		41F0DE49290DA4230085AC41 /* Protocols */ = {
			isa = PBXGroup;
			children = (
				41F0DE4A290DA4360085AC41 /* NewsDelegate.swift */,
			);
			path = Protocols;
			sourceTree = "<group>";
		};
		41F0DE59290DA90C0085AC41 /* News */ = {
			isa = PBXGroup;
			children = (
				41F0DE64290DB6BB0085AC41 /* NewsCoordinator.swift */,
				41F0DE66290DB7730085AC41 /* NewsAssembly.swift */,
				41F0DE5A290DA9820085AC41 /* NewsView.swift */,
				41F0DE5C290DA98D0085AC41 /* NewsModel.swift */,
			);
			path = News;
			sourceTree = "<group>";
		};
		41F0DE6C290DE40E0085AC41 /* SUI */ = {
			isa = PBXGroup;
			children = (
				41F0DE6D290DE4260085AC41 /* StickyHeader.swift */,
			);
			path = SUI;
			sourceTree = "<group>";
		};
		41F2275F28F2D85400856D7E = {
			isa = PBXGroup;
			children = (
				41F2276A28F2D85400856D7E /* Loopy */,
				41F2276928F2D85400856D7E /* Products */,
				8F9478EAD627835FEF755F98 /* Pods */,
				6BE00088F0374B345A902DA1 /* Frameworks */,
			);
			sourceTree = "<group>";
		};
		41F2276928F2D85400856D7E /* Products */ = {
			isa = PBXGroup;
			children = (
				41F2276828F2D85400856D7E /* Loopy.app */,
			);
			name = Products;
			sourceTree = "<group>";
		};
		41F2276A28F2D85400856D7E /* Loopy */ = {
			isa = PBXGroup;
			children = (
				41C2EF7128F2FDDC005DDB5B /* App */,
				41C2EF7628F300AA005DDB5B /* General */,
				41C2EF7328F2FE2C005DDB5B /* Modules */,
				41C2EF7228F2FDE3005DDB5B /* Resources */,
			);
			path = Loopy;
			sourceTree = "<group>";
		};
		6BE00088F0374B345A902DA1 /* Frameworks */ = {
			isa = PBXGroup;
			children = (
				1EBBAC4AD92D2A274FB05D34 /* Pods_Loopy.framework */,
			);
			name = Frameworks;
			sourceTree = "<group>";
		};
		8F9478EAD627835FEF755F98 /* Pods */ = {
			isa = PBXGroup;
			children = (
				3FBA923C331C75A308F20450 /* Pods-Loopy.debug.xcconfig */,
				88C19348CF9D0B0F87CF46CD /* Pods-Loopy.release.xcconfig */,
			);
			path = Pods;
			sourceTree = "<group>";
		};
/* End PBXGroup section */

/* Begin PBXNativeTarget section */
		41F2276728F2D85400856D7E /* Loopy */ = {
			isa = PBXNativeTarget;
			buildConfigurationList = 41F2277F28F2D85800856D7E /* Build configuration list for PBXNativeTarget "Loopy" */;
			buildPhases = (
				0866024349BB7E6205D6EAD3 /* [CP] Check Pods Manifest.lock */,
				41F2276428F2D85400856D7E /* Sources */,
				41F2276528F2D85400856D7E /* Frameworks */,
				41F2276628F2D85400856D7E /* Resources */,
				96183D577EC35A5768A2B225 /* [CP] Embed Pods Frameworks */,
			);
			buildRules = (
			);
			dependencies = (
			);
			name = Loopy;
			productName = Loopy;
			productReference = 41F2276828F2D85400856D7E /* Loopy.app */;
			productType = "com.apple.product-type.application";
		};
/* End PBXNativeTarget section */

/* Begin PBXProject section */
		41F2276028F2D85400856D7E /* Project object */ = {
			isa = PBXProject;
			attributes = {
				BuildIndependentTargetsInParallel = 1;
				LastSwiftUpdateCheck = 1400;
				LastUpgradeCheck = 1400;
				TargetAttributes = {
					41F2276728F2D85400856D7E = {
						CreatedOnToolsVersion = 14.0;
					};
				};
			};
			buildConfigurationList = 41F2276328F2D85400856D7E /* Build configuration list for PBXProject "Loopy" */;
			compatibilityVersion = "Xcode 13.0";
			developmentRegion = en;
			hasScannedForEncodings = 0;
			knownRegions = (
				en,
				Base,
			);
			mainGroup = 41F2275F28F2D85400856D7E;
			productRefGroup = 41F2276928F2D85400856D7E /* Products */;
			projectDirPath = "";
			projectRoot = "";
			targets = (
				41F2276728F2D85400856D7E /* Loopy */,
			);
		};
/* End PBXProject section */

/* Begin PBXResourcesBuildPhase section */
		41F2276628F2D85400856D7E /* Resources */ = {
			isa = PBXResourcesBuildPhase;
			buildActionMask = 2147483647;
			files = (
				41B4A7A228FDB62A00E553D3 /* Colors.xcassets in Resources */,
				41B4A7EF28FDD5BD00E553D3 /* Fitness.storyboard in Resources */,
				419F8553290B049B00D81ED2 /* NewsCell.xib in Resources */,
				41F2277B28F2D85800856D7E /* LaunchScreen.storyboard in Resources */,
				417BE81F28F2DD1D00EC1C28 /* GoogleService-Info.plist in Resources */,
				41B4A7ED28FDD58700E553D3 /* Receipts.storyboard in Resources */,
				41ACBA5D290B1EAE00BDF9D0 /* NewsTag.xib in Resources */,
				41C2EFA728F33E0D005DDB5B /* Profile.storyboard in Resources */,
				41F2277828F2D85800856D7E /* Images.xcassets in Resources */,
				417CF34029057F75000862CE /* DailyPlate.xib in Resources */,
				41B4A7F128FDD65200E553D3 /* Statistics.storyboard in Resources */,
			);
			runOnlyForDeploymentPostprocessing = 0;
		};
/* End PBXResourcesBuildPhase section */

/* Begin PBXShellScriptBuildPhase section */
		0866024349BB7E6205D6EAD3 /* [CP] Check Pods Manifest.lock */ = {
			isa = PBXShellScriptBuildPhase;
			buildActionMask = 2147483647;
			files = (
			);
			inputFileListPaths = (
			);
			inputPaths = (
				"${PODS_PODFILE_DIR_PATH}/Podfile.lock",
				"${PODS_ROOT}/Manifest.lock",
			);
			name = "[CP] Check Pods Manifest.lock";
			outputFileListPaths = (
			);
			outputPaths = (
				"$(DERIVED_FILE_DIR)/Pods-Loopy-checkManifestLockResult.txt",
			);
			runOnlyForDeploymentPostprocessing = 0;
			shellPath = /bin/sh;
			shellScript = "diff \"${PODS_PODFILE_DIR_PATH}/Podfile.lock\" \"${PODS_ROOT}/Manifest.lock\" > /dev/null\nif [ $? != 0 ] ; then\n    # print error to STDERR\n    echo \"error: The sandbox is not in sync with the Podfile.lock. Run 'pod install' or update your CocoaPods installation.\" >&2\n    exit 1\nfi\n# This output is used by Xcode 'outputs' to avoid re-running this script phase.\necho \"SUCCESS\" > \"${SCRIPT_OUTPUT_FILE_0}\"\n";
			showEnvVarsInLog = 0;
		};
		96183D577EC35A5768A2B225 /* [CP] Embed Pods Frameworks */ = {
			isa = PBXShellScriptBuildPhase;
			buildActionMask = 2147483647;
			files = (
			);
			inputFileListPaths = (
				"${PODS_ROOT}/Target Support Files/Pods-Loopy/Pods-Loopy-frameworks-${CONFIGURATION}-input-files.xcfilelist",
			);
			name = "[CP] Embed Pods Frameworks";
			outputFileListPaths = (
				"${PODS_ROOT}/Target Support Files/Pods-Loopy/Pods-Loopy-frameworks-${CONFIGURATION}-output-files.xcfilelist",
			);
			runOnlyForDeploymentPostprocessing = 0;
			shellPath = /bin/sh;
			shellScript = "\"${PODS_ROOT}/Target Support Files/Pods-Loopy/Pods-Loopy-frameworks.sh\"\n";
			showEnvVarsInLog = 0;
		};
/* End PBXShellScriptBuildPhase section */

/* Begin PBXSourcesBuildPhase section */
		41F2276428F2D85400856D7E /* Sources */ = {
			isa = PBXSourcesBuildPhase;
			buildActionMask = 2147483647;
			files = (
				41B4A80328FDD7BD00E553D3 /* FitnessAssembly.swift in Sources */,
				41B4A7F728FDD69E00E553D3 /* FitnessView+Lifecycle.swift in Sources */,
				419F853C290ADEBE00D81ED2 /* CallOnFlyOperator.swift in Sources */,
				41C2EF9928F33728005DDB5B /* ProfileModelOutput.swift in Sources */,
				417CF34329058178000862CE /* DailyPlate+IBDesignable.swift in Sources */,
				4155B67E2911D22400AEC407 /* UIView+touchFeedback.swift in Sources */,
				4155B6802911D36200AEC407 /* TouchGestureRecognizer.swift in Sources */,
				41B4A7EB28FDD52000E553D3 /* StatisticsView.swift in Sources */,
				41B4A7E228FDD49C00E553D3 /* FitnessViewProtocol.swift in Sources */,
				41F0DE65290DB6BB0085AC41 /* NewsCoordinator.swift in Sources */,
				41B4A7E528FDD4AF00E553D3 /* StatisticsViewProtocol.swift in Sources */,
				41B4A7C228FDD02800E553D3 /* ReceiptModel+Input.swift in Sources */,
				419F8542290AE31200D81ED2 /* NewsCollection+DataSource.swift in Sources */,
				41C2EF7C28F30430005DDB5B /* Routable.swift in Sources */,
				41B4A7F528FDD68E00E553D3 /* ReceiptsView+Output.swift in Sources */,
				417CF345290582EE000862CE /* CGColor+Convert.swift in Sources */,
				41B4A7D328FDD2BF00E553D3 /* StatisticsViewModel.swift in Sources */,
				41F0DE69290DC6E20085AC41 /* Coordinator.swift in Sources */,
				41B4A7AA28FDCD4E00E553D3 /* ImageConfig.swift in Sources */,
				417CF33929056A25000862CE /* UIColor+SUIColor.swift in Sources */,
				41F0DE5F290DAC2C0085AC41 /* ProfileView+NewsDelegate.swift in Sources */,
				41B4A80728FDD86200E553D3 /* ReceiptsCoordinator.swift in Sources */,
				41B4A7E728FDD50500E553D3 /* ReceiptsView.swift in Sources */,
				41B4A7DB28FDD32E00E553D3 /* StatisticsModel+Input.swift in Sources */,
				41B4A79B28FDA2B400E553D3 /* TabBarCoordinator.swift in Sources */,
				41C2EFA528F33D32005DDB5B /* ProfileModel+Input.swift in Sources */,
				41C2EF9028F3363E005DDB5B /* ProfileViewProtocol.swift in Sources */,
				419F8540290AE30400D81ED2 /* NewsCollection+Delegate.swift in Sources */,
				41C2EF8C28F31512005DDB5B /* BaseViewModel.swift in Sources */,
				41F2277628F2D85400856D7E /* Loopy.xcdatamodeld in Sources */,
				41ACBA6E290CA6E800BDF9D0 /* DailyProgressView.swift in Sources */,
				41F9ADD729089207001967BD /* Plate.swift in Sources */,
				41C2EFA328F33CEE005DDB5B /* ProfileView+Output.swift in Sources */,
				41B4A80528FDD7CE00E553D3 /* StatisticsAssembly.swift in Sources */,
				4194EBFC290883DE006B096F /* DailyPlateView+PlateProtocol.swift in Sources */,
				41F0DE6B290DD0B50085AC41 /* Typealiases.swift in Sources */,
				41B4A7BB28FDCFAD00E553D3 /* ReceiptsModelInput.swift in Sources */,
				41F9ADD229088D1C001967BD /* DailyPlateView+Highlight.swift in Sources */,
				419F8549290AE7D000D81ED2 /* NewsCell.swift in Sources */,
				41B4A7FB28FDD6BC00E553D3 /* StatisticsView+Lifecycle.swift in Sources */,
				41C2EF9728F336FE005DDB5B /* ProfileModelInput.swift in Sources */,
				41B4A7F928FDD6AE00E553D3 /* FitnessView+Output.swift in Sources */,
				41F0DE4B290DA4360085AC41 /* NewsDelegate.swift in Sources */,
				41C2EF7528F2FE4D005DDB5B /* AppCoordinator.swift in Sources */,
				41B4A7CD28FDD26200E553D3 /* FitnessModel+Lifecycle.swift in Sources */,
				41ACBA62290B229B00BDF9D0 /* UIStackView+clear.swift in Sources */,
				41ACBA65290B265E00BDF9D0 /* XIBView.swift in Sources */,
				4194EBFA29088392006B096F /* PlateProtocol.swift in Sources */,
				4163328E2901EB9600A1A12B /* Link.swift in Sources */,
				419F8547290AE72700D81ED2 /* ReusableCell.swift in Sources */,
				41B4A7F328FDD67700E553D3 /* ReceiptsView+Lifecycle.swift in Sources */,
				41C2EF8128F30C38005DDB5B /* Router.swift in Sources */,
				41ACBA72290CB07F00BDF9D0 /* DailyProgressModel.swift in Sources */,
				41C2EF9E28F33969005DDB5B /* ProfileModel+lifecycle.swift in Sources */,
				41F2276C28F2D85400856D7E /* AppDelegate.swift in Sources */,
				41B4A7A828FDC24800E553D3 /* ColorsConfig.swift in Sources */,
				41B4A7C028FDD01000E553D3 /* ReceiptsModel+lifecycle.swift in Sources */,
				41C2EF8928F314AF005DDB5B /* ProfileAssembly.swift in Sources */,
				41B4A7D728FDD2EF00E553D3 /* StatisticsModelOutput.swift in Sources */,
				41B4A7FE28FDD6D000E553D3 /* StatisticsView+Output.swift in Sources */,
				41F2276E28F2D85400856D7E /* SceneDelegate.swift in Sources */,
				41C2EF9428F336CD005DDB5B /* ProfileViewModel.swift in Sources */,
				419F84F1290ADDB500D81ED2 /* UsesAutoLayout.swift in Sources */,
				419F8551290AF12900D81ED2 /* NewsItem.swift in Sources */,
				41B4A80128FDD75F00E553D3 /* ReceiptsAssembly.swift in Sources */,
				41ACBA70290CADA400BDF9D0 /* Color+hex.swift in Sources */,
				41B4A79E28FDA2C600E553D3 /* TabBarAssembly.swift in Sources */,
				41B4A7BD28FDCFB600E553D3 /* ReceiptsModelOutput.swift in Sources */,
				41B4A7E028FDD49200E553D3 /* ReceiptsViewProtocol.swift in Sources */,
				41ACBA6B290B323D00BDF9D0 /* UIImage+resize.swift in Sources */,
				41B4A7B828FDCF9600E553D3 /* ReceiptsViewModel.swift in Sources */,
				41F0DE67290DB7730085AC41 /* NewsAssembly.swift in Sources */,
				41C2EFAC28F33E7B005DDB5B /* Controller+Storyboard.swift in Sources */,
				41C2EF9B28F337EF005DDB5B /* ViewController.swift in Sources */,
				41ACBA68290B2F3700BDF9D0 /* ImageLoader.swift in Sources */,
				41B4A7D928FDD30A00E553D3 /* StatisticsModel+Lifecycle.swift in Sources */,
				417CF33E29057F38000862CE /* DailyPlateView.swift in Sources */,
				41C2EF8E28F31523005DDB5B /* BaseAssembly.swift in Sources */,
				419F8544290AE4A400D81ED2 /* Macros.swift in Sources */,
				41C2EF7E28F3045C005DDB5B /* Controllable.swift in Sources */,
				41C2EF8728F314A5005DDB5B /* ProfileCoordinator.swift in Sources */,
				41C2EFA128F33BB3005DDB5B /* ProfileView+lifecycle.swift in Sources */,
				41F0DE5B290DA9820085AC41 /* NewsView.swift in Sources */,
				41B4A7D528FDD2D900E553D3 /* StatisticsModelInput.swift in Sources */,
				41B4A7C728FDD21700E553D3 /* FitnessModelInput.swift in Sources */,
				41B4A7A528FDC15D00E553D3 /* UIColor+hex.swift in Sources */,
				41ACBA5F290B1EBA00BDF9D0 /* NewsTagView.swift in Sources */,
				41B4A80928FDD88C00E553D3 /* FitnessCoordinator.swift in Sources */,
				419F84EF290ADA7C00D81ED2 /* NewsContainerView.swift in Sources */,
				41B4A7E928FDD51200E553D3 /* FitnessView.swift in Sources */,
				41C2EF9228F33647005DDB5B /* ProfileView.swift in Sources */,
				41F0DE5D290DA98D0085AC41 /* NewsModel.swift in Sources */,
				41B4A80B28FDD89A00E553D3 /* StatisticsCoordinator.swift in Sources */,
				41B4A7CF28FDD28300E553D3 /* FitnessModel+input.swift in Sources */,
				41F0DE6E290DE4260085AC41 /* StickyHeader.swift in Sources */,
				41C2EF7A28F30103005DDB5B /* Coordinatable.swift in Sources */,
				419F854D290AED6B00D81ED2 /* PagingCollectionViewLayout .swift in Sources */,
				419F853E290AE25500D81ED2 /* NewsCollection.swift in Sources */,
				41B4A7C928FDD23C00E553D3 /* FitnessModelOutput.swift in Sources */,
				41F0DE61290DAFB70085AC41 /* InteractivePopRecognizer.swift in Sources */,
				41B4A7C428FDD1F200E553D3 /* FitnessViewModel.swift in Sources */,
			);
			runOnlyForDeploymentPostprocessing = 0;
		};
/* End PBXSourcesBuildPhase section */

/* Begin PBXVariantGroup section */
		41F2277928F2D85800856D7E /* LaunchScreen.storyboard */ = {
			isa = PBXVariantGroup;
			children = (
				41F2277A28F2D85800856D7E /* Base */,
			);
			name = LaunchScreen.storyboard;
			sourceTree = "<group>";
		};
/* End PBXVariantGroup section */

/* Begin XCBuildConfiguration section */
		41F2277D28F2D85800856D7E /* Debug */ = {
			isa = XCBuildConfiguration;
			buildSettings = {
				ALWAYS_SEARCH_USER_PATHS = NO;
				CLANG_ANALYZER_NONNULL = YES;
				CLANG_ANALYZER_NUMBER_OBJECT_CONVERSION = YES_AGGRESSIVE;
				CLANG_CXX_LANGUAGE_STANDARD = "gnu++20";
				CLANG_ENABLE_MODULES = YES;
				CLANG_ENABLE_OBJC_ARC = YES;
				CLANG_ENABLE_OBJC_WEAK = YES;
				CLANG_WARN_BLOCK_CAPTURE_AUTORELEASING = YES;
				CLANG_WARN_BOOL_CONVERSION = YES;
				CLANG_WARN_COMMA = YES;
				CLANG_WARN_CONSTANT_CONVERSION = YES;
				CLANG_WARN_DEPRECATED_OBJC_IMPLEMENTATIONS = YES;
				CLANG_WARN_DIRECT_OBJC_ISA_USAGE = YES_ERROR;
				CLANG_WARN_DOCUMENTATION_COMMENTS = YES;
				CLANG_WARN_EMPTY_BODY = YES;
				CLANG_WARN_ENUM_CONVERSION = YES;
				CLANG_WARN_INFINITE_RECURSION = YES;
				CLANG_WARN_INT_CONVERSION = YES;
				CLANG_WARN_NON_LITERAL_NULL_CONVERSION = YES;
				CLANG_WARN_OBJC_IMPLICIT_RETAIN_SELF = YES;
				CLANG_WARN_OBJC_LITERAL_CONVERSION = YES;
				CLANG_WARN_OBJC_ROOT_CLASS = YES_ERROR;
				CLANG_WARN_QUOTED_INCLUDE_IN_FRAMEWORK_HEADER = YES;
				CLANG_WARN_RANGE_LOOP_ANALYSIS = YES;
				CLANG_WARN_STRICT_PROTOTYPES = YES;
				CLANG_WARN_SUSPICIOUS_MOVE = YES;
				CLANG_WARN_UNGUARDED_AVAILABILITY = YES_AGGRESSIVE;
				CLANG_WARN_UNREACHABLE_CODE = YES;
				CLANG_WARN__DUPLICATE_METHOD_MATCH = YES;
				COPY_PHASE_STRIP = NO;
				DEBUG_INFORMATION_FORMAT = dwarf;
				ENABLE_STRICT_OBJC_MSGSEND = YES;
				ENABLE_TESTABILITY = YES;
				GCC_C_LANGUAGE_STANDARD = gnu11;
				GCC_DYNAMIC_NO_PIC = NO;
				GCC_NO_COMMON_BLOCKS = YES;
				GCC_OPTIMIZATION_LEVEL = 0;
				GCC_PREPROCESSOR_DEFINITIONS = (
					"DEBUG=1",
					"$(inherited)",
				);
				GCC_WARN_64_TO_32_BIT_CONVERSION = YES;
				GCC_WARN_ABOUT_RETURN_TYPE = YES_ERROR;
				GCC_WARN_UNDECLARED_SELECTOR = YES;
				GCC_WARN_UNINITIALIZED_AUTOS = YES_AGGRESSIVE;
				GCC_WARN_UNUSED_FUNCTION = YES;
				GCC_WARN_UNUSED_VARIABLE = YES;
				IPHONEOS_DEPLOYMENT_TARGET = 14.0;
				MTL_ENABLE_DEBUG_INFO = INCLUDE_SOURCE;
				MTL_FAST_MATH = YES;
				ONLY_ACTIVE_ARCH = YES;
				SDKROOT = iphoneos;
				SWIFT_ACTIVE_COMPILATION_CONDITIONS = DEBUG;
				SWIFT_OPTIMIZATION_LEVEL = "-Onone";
			};
			name = Debug;
		};
		41F2277E28F2D85800856D7E /* Release */ = {
			isa = XCBuildConfiguration;
			buildSettings = {
				ALWAYS_SEARCH_USER_PATHS = NO;
				CLANG_ANALYZER_NONNULL = YES;
				CLANG_ANALYZER_NUMBER_OBJECT_CONVERSION = YES_AGGRESSIVE;
				CLANG_CXX_LANGUAGE_STANDARD = "gnu++20";
				CLANG_ENABLE_MODULES = YES;
				CLANG_ENABLE_OBJC_ARC = YES;
				CLANG_ENABLE_OBJC_WEAK = YES;
				CLANG_WARN_BLOCK_CAPTURE_AUTORELEASING = YES;
				CLANG_WARN_BOOL_CONVERSION = YES;
				CLANG_WARN_COMMA = YES;
				CLANG_WARN_CONSTANT_CONVERSION = YES;
				CLANG_WARN_DEPRECATED_OBJC_IMPLEMENTATIONS = YES;
				CLANG_WARN_DIRECT_OBJC_ISA_USAGE = YES_ERROR;
				CLANG_WARN_DOCUMENTATION_COMMENTS = YES;
				CLANG_WARN_EMPTY_BODY = YES;
				CLANG_WARN_ENUM_CONVERSION = YES;
				CLANG_WARN_INFINITE_RECURSION = YES;
				CLANG_WARN_INT_CONVERSION = YES;
				CLANG_WARN_NON_LITERAL_NULL_CONVERSION = YES;
				CLANG_WARN_OBJC_IMPLICIT_RETAIN_SELF = YES;
				CLANG_WARN_OBJC_LITERAL_CONVERSION = YES;
				CLANG_WARN_OBJC_ROOT_CLASS = YES_ERROR;
				CLANG_WARN_QUOTED_INCLUDE_IN_FRAMEWORK_HEADER = YES;
				CLANG_WARN_RANGE_LOOP_ANALYSIS = YES;
				CLANG_WARN_STRICT_PROTOTYPES = YES;
				CLANG_WARN_SUSPICIOUS_MOVE = YES;
				CLANG_WARN_UNGUARDED_AVAILABILITY = YES_AGGRESSIVE;
				CLANG_WARN_UNREACHABLE_CODE = YES;
				CLANG_WARN__DUPLICATE_METHOD_MATCH = YES;
				COPY_PHASE_STRIP = NO;
				DEBUG_INFORMATION_FORMAT = "dwarf-with-dsym";
				ENABLE_NS_ASSERTIONS = NO;
				ENABLE_STRICT_OBJC_MSGSEND = YES;
				GCC_C_LANGUAGE_STANDARD = gnu11;
				GCC_NO_COMMON_BLOCKS = YES;
				GCC_WARN_64_TO_32_BIT_CONVERSION = YES;
				GCC_WARN_ABOUT_RETURN_TYPE = YES_ERROR;
				GCC_WARN_UNDECLARED_SELECTOR = YES;
				GCC_WARN_UNINITIALIZED_AUTOS = YES_AGGRESSIVE;
				GCC_WARN_UNUSED_FUNCTION = YES;
				GCC_WARN_UNUSED_VARIABLE = YES;
				IPHONEOS_DEPLOYMENT_TARGET = 14.0;
				MTL_ENABLE_DEBUG_INFO = NO;
				MTL_FAST_MATH = YES;
				SDKROOT = iphoneos;
				SWIFT_COMPILATION_MODE = wholemodule;
				SWIFT_OPTIMIZATION_LEVEL = "-O";
				VALIDATE_PRODUCT = YES;
			};
			name = Release;
		};
		41F2278028F2D85800856D7E /* Debug */ = {
			isa = XCBuildConfiguration;
			baseConfigurationReference = 3FBA923C331C75A308F20450 /* Pods-Loopy.debug.xcconfig */;
			buildSettings = {
				ASSETCATALOG_COMPILER_APPICON_NAME = AppIcon;
				ASSETCATALOG_COMPILER_GLOBAL_ACCENT_COLOR_NAME = AccentColor;
				CODE_SIGN_STYLE = Automatic;
				CURRENT_PROJECT_VERSION = 1;
				DEVELOPMENT_TEAM = WJVB936MM2;
				GENERATE_INFOPLIST_FILE = YES;
				INFOPLIST_FILE = Loopy/Resources/Info.plist;
				INFOPLIST_KEY_CFBundleDisplayName = "Loopy спорт";
				INFOPLIST_KEY_LSApplicationCategoryType = "public.app-category.lifestyle";
				INFOPLIST_KEY_UIApplicationSupportsIndirectInputEvents = YES;
				INFOPLIST_KEY_UILaunchStoryboardName = LaunchScreen.storyboard;
				INFOPLIST_KEY_UIStatusBarStyle = UIStatusBarStyleLightContent;
				INFOPLIST_KEY_UISupportedInterfaceOrientations = UIInterfaceOrientationPortrait;
				INFOPLIST_KEY_UISupportedInterfaceOrientations_iPad = "UIInterfaceOrientationLandscapeLeft UIInterfaceOrientationLandscapeRight UIInterfaceOrientationPortrait UIInterfaceOrientationPortraitUpsideDown";
				IPHONEOS_DEPLOYMENT_TARGET = 14.0;
				LD_RUNPATH_SEARCH_PATHS = (
					"$(inherited)",
					"@executable_path/Frameworks",
				);
				MARKETING_VERSION = 1.0;
				PRODUCT_BUNDLE_IDENTIFIER = com.reslyCorp.Loopy;
				PRODUCT_NAME = "$(TARGET_NAME)";
				SUPPORTED_PLATFORMS = "iphoneos iphonesimulator";
				SUPPORTS_MACCATALYST = NO;
				SUPPORTS_MAC_DESIGNED_FOR_IPHONE_IPAD = NO;
				SWIFT_EMIT_LOC_STRINGS = YES;
				SWIFT_VERSION = 5.0;
				TARGETED_DEVICE_FAMILY = 1;
			};
			name = Debug;
		};
		41F2278128F2D85800856D7E /* Release */ = {
			isa = XCBuildConfiguration;
			baseConfigurationReference = 88C19348CF9D0B0F87CF46CD /* Pods-Loopy.release.xcconfig */;
			buildSettings = {
				ASSETCATALOG_COMPILER_APPICON_NAME = AppIcon;
				ASSETCATALOG_COMPILER_GLOBAL_ACCENT_COLOR_NAME = AccentColor;
				CODE_SIGN_STYLE = Automatic;
				CURRENT_PROJECT_VERSION = 1;
				DEVELOPMENT_TEAM = WJVB936MM2;
				GENERATE_INFOPLIST_FILE = YES;
				INFOPLIST_FILE = Loopy/Resources/Info.plist;
				INFOPLIST_KEY_CFBundleDisplayName = "Loopy спорт";
				INFOPLIST_KEY_LSApplicationCategoryType = "public.app-category.lifestyle";
				INFOPLIST_KEY_UIApplicationSupportsIndirectInputEvents = YES;
				INFOPLIST_KEY_UILaunchStoryboardName = LaunchScreen.storyboard;
				INFOPLIST_KEY_UIStatusBarStyle = UIStatusBarStyleLightContent;
				INFOPLIST_KEY_UISupportedInterfaceOrientations = UIInterfaceOrientationPortrait;
				INFOPLIST_KEY_UISupportedInterfaceOrientations_iPad = "UIInterfaceOrientationLandscapeLeft UIInterfaceOrientationLandscapeRight UIInterfaceOrientationPortrait UIInterfaceOrientationPortraitUpsideDown";
				IPHONEOS_DEPLOYMENT_TARGET = 14.0;
				LD_RUNPATH_SEARCH_PATHS = (
					"$(inherited)",
					"@executable_path/Frameworks",
				);
				MARKETING_VERSION = 1.0;
				PRODUCT_BUNDLE_IDENTIFIER = com.reslyCorp.Loopy;
				PRODUCT_NAME = "$(TARGET_NAME)";
				SUPPORTED_PLATFORMS = "iphoneos iphonesimulator";
				SUPPORTS_MACCATALYST = NO;
				SUPPORTS_MAC_DESIGNED_FOR_IPHONE_IPAD = NO;
				SWIFT_EMIT_LOC_STRINGS = YES;
				SWIFT_VERSION = 5.0;
				TARGETED_DEVICE_FAMILY = 1;
			};
			name = Release;
		};
/* End XCBuildConfiguration section */

/* Begin XCConfigurationList section */
		41F2276328F2D85400856D7E /* Build configuration list for PBXProject "Loopy" */ = {
			isa = XCConfigurationList;
			buildConfigurations = (
				41F2277D28F2D85800856D7E /* Debug */,
				41F2277E28F2D85800856D7E /* Release */,
			);
			defaultConfigurationIsVisible = 0;
			defaultConfigurationName = Release;
		};
		41F2277F28F2D85800856D7E /* Build configuration list for PBXNativeTarget "Loopy" */ = {
			isa = XCConfigurationList;
			buildConfigurations = (
				41F2278028F2D85800856D7E /* Debug */,
				41F2278128F2D85800856D7E /* Release */,
			);
			defaultConfigurationIsVisible = 0;
			defaultConfigurationName = Release;
		};
/* End XCConfigurationList section */

/* Begin XCVersionGroup section */
		41F2277428F2D85400856D7E /* Loopy.xcdatamodeld */ = {
			isa = XCVersionGroup;
			children = (
				41F2277528F2D85400856D7E /* Loopy.xcdatamodel */,
			);
			currentVersion = 41F2277528F2D85400856D7E /* Loopy.xcdatamodel */;
			path = Loopy.xcdatamodeld;
			sourceTree = "<group>";
			versionGroupType = wrapper.xcdatamodel;
		};
/* End XCVersionGroup section */
	};
	rootObject = 41F2276028F2D85400856D7E /* Project object */;
}
