// !$*UTF8*$!
{
	archiveVersion = 1;
	classes = {
	};
	objectVersion = 55;
	objects = {

/* Begin PBXBuildFile section */
		209FFD1ADE0222B249D77C70 /* Pods_Loopy.framework in Frameworks */ = {isa = PBXBuildFile; fileRef = 1EBBAC4AD92D2A274FB05D34 /* Pods_Loopy.framework */; };
		417BE81F28F2DD1D00EC1C28 /* GoogleService-Info.plist in Resources */ = {isa = PBXBuildFile; fileRef = 417BE81E28F2DD1D00EC1C28 /* GoogleService-Info.plist */; };
		41B4A79B28FDA2B400E553D3 /* TabBarCoordinator.swift in Sources */ = {isa = PBXBuildFile; fileRef = 41B4A79A28FDA2B400E553D3 /* TabBarCoordinator.swift */; };
		41B4A79E28FDA2C600E553D3 /* TabBarAssembly.swift in Sources */ = {isa = PBXBuildFile; fileRef = 41B4A79D28FDA2C600E553D3 /* TabBarAssembly.swift */; };
		41B4A7A028FDB20F00E553D3 /* TabBarCustomizator.swift in Sources */ = {isa = PBXBuildFile; fileRef = 41B4A79F28FDB20F00E553D3 /* TabBarCustomizator.swift */; };
		41B4A7A228FDB62A00E553D3 /* Colors.xcassets in Resources */ = {isa = PBXBuildFile; fileRef = 41B4A7A128FDB62A00E553D3 /* Colors.xcassets */; };
		41B4A7A528FDC15D00E553D3 /* UIColor+hex.swift in Sources */ = {isa = PBXBuildFile; fileRef = 41B4A7A428FDC15D00E553D3 /* UIColor+hex.swift */; };
		41B4A7A828FDC24800E553D3 /* ColorsConfig.swift in Sources */ = {isa = PBXBuildFile; fileRef = 41B4A7A728FDC24800E553D3 /* ColorsConfig.swift */; };
		41C2EF7528F2FE4D005DDB5B /* AppCoordinator.swift in Sources */ = {isa = PBXBuildFile; fileRef = 41C2EF7428F2FE4D005DDB5B /* AppCoordinator.swift */; };
		41C2EF7A28F30103005DDB5B /* Coordinatable.swift in Sources */ = {isa = PBXBuildFile; fileRef = 41C2EF7928F30103005DDB5B /* Coordinatable.swift */; };
		41C2EF7C28F30430005DDB5B /* Routable.swift in Sources */ = {isa = PBXBuildFile; fileRef = 41C2EF7B28F30430005DDB5B /* Routable.swift */; };
		41C2EF7E28F3045C005DDB5B /* Controllable.swift in Sources */ = {isa = PBXBuildFile; fileRef = 41C2EF7D28F3045C005DDB5B /* Controllable.swift */; };
		41C2EF8128F30C38005DDB5B /* Router.swift in Sources */ = {isa = PBXBuildFile; fileRef = 41C2EF8028F30C38005DDB5B /* Router.swift */; };
		41C2EF8728F314A5005DDB5B /* ProfileCoordinator.swift in Sources */ = {isa = PBXBuildFile; fileRef = 41C2EF8628F314A5005DDB5B /* ProfileCoordinator.swift */; };
		41C2EF8928F314AF005DDB5B /* ProfileAssembly.swift in Sources */ = {isa = PBXBuildFile; fileRef = 41C2EF8828F314AF005DDB5B /* ProfileAssembly.swift */; };
		41C2EF8C28F31512005DDB5B /* BaseViewModel.swift in Sources */ = {isa = PBXBuildFile; fileRef = 41C2EF8B28F31512005DDB5B /* BaseViewModel.swift */; };
		41C2EF8E28F31523005DDB5B /* BaseAssembly.swift in Sources */ = {isa = PBXBuildFile; fileRef = 41C2EF8D28F31523005DDB5B /* BaseAssembly.swift */; };
		41C2EF9028F3363E005DDB5B /* ProfileViewProtocol.swift in Sources */ = {isa = PBXBuildFile; fileRef = 41C2EF8F28F3363E005DDB5B /* ProfileViewProtocol.swift */; };
		41C2EF9228F33647005DDB5B /* ProfileView.swift in Sources */ = {isa = PBXBuildFile; fileRef = 41C2EF9128F33647005DDB5B /* ProfileView.swift */; };
		41C2EF9428F336CD005DDB5B /* ProfileViewModel.swift in Sources */ = {isa = PBXBuildFile; fileRef = 41C2EF9328F336CD005DDB5B /* ProfileViewModel.swift */; };
		41C2EF9728F336FE005DDB5B /* ProfileModelInput.swift in Sources */ = {isa = PBXBuildFile; fileRef = 41C2EF9628F336FE005DDB5B /* ProfileModelInput.swift */; };
		41C2EF9928F33728005DDB5B /* ProfileModelOutput.swift in Sources */ = {isa = PBXBuildFile; fileRef = 41C2EF9828F33728005DDB5B /* ProfileModelOutput.swift */; };
		41C2EF9B28F337EF005DDB5B /* ViewController.swift in Sources */ = {isa = PBXBuildFile; fileRef = 41C2EF9A28F337EF005DDB5B /* ViewController.swift */; };
		41C2EF9E28F33969005DDB5B /* ProfileModel+lifecycle.swift in Sources */ = {isa = PBXBuildFile; fileRef = 41C2EF9D28F33969005DDB5B /* ProfileModel+lifecycle.swift */; };
		41C2EFA128F33BB3005DDB5B /* ProfileView+lifecycle.swift in Sources */ = {isa = PBXBuildFile; fileRef = 41C2EFA028F33BB3005DDB5B /* ProfileView+lifecycle.swift */; };
		41C2EFA328F33CEE005DDB5B /* ProfileView+Output.swift in Sources */ = {isa = PBXBuildFile; fileRef = 41C2EFA228F33CEE005DDB5B /* ProfileView+Output.swift */; };
		41C2EFA528F33D32005DDB5B /* ProfileModel+Input.swift in Sources */ = {isa = PBXBuildFile; fileRef = 41C2EFA428F33D32005DDB5B /* ProfileModel+Input.swift */; };
		41C2EFA728F33E0D005DDB5B /* Profile.storyboard in Resources */ = {isa = PBXBuildFile; fileRef = 41C2EFA628F33E0D005DDB5B /* Profile.storyboard */; };
		41C2EFAC28F33E7B005DDB5B /* Controller+Storyboard.swift in Sources */ = {isa = PBXBuildFile; fileRef = 41C2EFAB28F33E7B005DDB5B /* Controller+Storyboard.swift */; };
		41F2276C28F2D85400856D7E /* AppDelegate.swift in Sources */ = {isa = PBXBuildFile; fileRef = 41F2276B28F2D85400856D7E /* AppDelegate.swift */; };
		41F2276E28F2D85400856D7E /* SceneDelegate.swift in Sources */ = {isa = PBXBuildFile; fileRef = 41F2276D28F2D85400856D7E /* SceneDelegate.swift */; };
		41F2277628F2D85400856D7E /* Loopy.xcdatamodeld in Sources */ = {isa = PBXBuildFile; fileRef = 41F2277428F2D85400856D7E /* Loopy.xcdatamodeld */; };
		41F2277828F2D85800856D7E /* Images.xcassets in Resources */ = {isa = PBXBuildFile; fileRef = 41F2277728F2D85800856D7E /* Images.xcassets */; };
		41F2277B28F2D85800856D7E /* LaunchScreen.storyboard in Resources */ = {isa = PBXBuildFile; fileRef = 41F2277928F2D85800856D7E /* LaunchScreen.storyboard */; };
/* End PBXBuildFile section */

/* Begin PBXFileReference section */
		1EBBAC4AD92D2A274FB05D34 /* Pods_Loopy.framework */ = {isa = PBXFileReference; explicitFileType = wrapper.framework; includeInIndex = 0; path = Pods_Loopy.framework; sourceTree = BUILT_PRODUCTS_DIR; };
		3FBA923C331C75A308F20450 /* Pods-Loopy.debug.xcconfig */ = {isa = PBXFileReference; includeInIndex = 1; lastKnownFileType = text.xcconfig; name = "Pods-Loopy.debug.xcconfig"; path = "Target Support Files/Pods-Loopy/Pods-Loopy.debug.xcconfig"; sourceTree = "<group>"; };
		417BE81E28F2DD1D00EC1C28 /* GoogleService-Info.plist */ = {isa = PBXFileReference; fileEncoding = 4; lastKnownFileType = text.plist.xml; path = "GoogleService-Info.plist"; sourceTree = "<group>"; };
		41B4A79A28FDA2B400E553D3 /* TabBarCoordinator.swift */ = {isa = PBXFileReference; lastKnownFileType = sourcecode.swift; path = TabBarCoordinator.swift; sourceTree = "<group>"; };
		41B4A79D28FDA2C600E553D3 /* TabBarAssembly.swift */ = {isa = PBXFileReference; lastKnownFileType = sourcecode.swift; path = TabBarAssembly.swift; sourceTree = "<group>"; };
		41B4A79F28FDB20F00E553D3 /* TabBarCustomizator.swift */ = {isa = PBXFileReference; lastKnownFileType = sourcecode.swift; path = TabBarCustomizator.swift; sourceTree = "<group>"; };
		41B4A7A128FDB62A00E553D3 /* Colors.xcassets */ = {isa = PBXFileReference; lastKnownFileType = folder.assetcatalog; path = Colors.xcassets; sourceTree = "<group>"; };
		41B4A7A428FDC15D00E553D3 /* UIColor+hex.swift */ = {isa = PBXFileReference; lastKnownFileType = sourcecode.swift; path = "UIColor+hex.swift"; sourceTree = "<group>"; };
		41B4A7A728FDC24800E553D3 /* ColorsConfig.swift */ = {isa = PBXFileReference; lastKnownFileType = sourcecode.swift; path = ColorsConfig.swift; sourceTree = "<group>"; };
		41C2EF7428F2FE4D005DDB5B /* AppCoordinator.swift */ = {isa = PBXFileReference; lastKnownFileType = sourcecode.swift; path = AppCoordinator.swift; sourceTree = "<group>"; };
		41C2EF7928F30103005DDB5B /* Coordinatable.swift */ = {isa = PBXFileReference; lastKnownFileType = sourcecode.swift; path = Coordinatable.swift; sourceTree = "<group>"; };
		41C2EF7B28F30430005DDB5B /* Routable.swift */ = {isa = PBXFileReference; lastKnownFileType = sourcecode.swift; path = Routable.swift; sourceTree = "<group>"; };
		41C2EF7D28F3045C005DDB5B /* Controllable.swift */ = {isa = PBXFileReference; lastKnownFileType = sourcecode.swift; path = Controllable.swift; sourceTree = "<group>"; };
		41C2EF8028F30C38005DDB5B /* Router.swift */ = {isa = PBXFileReference; lastKnownFileType = sourcecode.swift; path = Router.swift; sourceTree = "<group>"; };
		41C2EF8628F314A5005DDB5B /* ProfileCoordinator.swift */ = {isa = PBXFileReference; lastKnownFileType = sourcecode.swift; path = ProfileCoordinator.swift; sourceTree = "<group>"; };
		41C2EF8828F314AF005DDB5B /* ProfileAssembly.swift */ = {isa = PBXFileReference; lastKnownFileType = sourcecode.swift; path = ProfileAssembly.swift; sourceTree = "<group>"; };
		41C2EF8B28F31512005DDB5B /* BaseViewModel.swift */ = {isa = PBXFileReference; lastKnownFileType = sourcecode.swift; path = BaseViewModel.swift; sourceTree = "<group>"; };
		41C2EF8D28F31523005DDB5B /* BaseAssembly.swift */ = {isa = PBXFileReference; lastKnownFileType = sourcecode.swift; path = BaseAssembly.swift; sourceTree = "<group>"; };
		41C2EF8F28F3363E005DDB5B /* ProfileViewProtocol.swift */ = {isa = PBXFileReference; lastKnownFileType = sourcecode.swift; path = ProfileViewProtocol.swift; sourceTree = "<group>"; };
		41C2EF9128F33647005DDB5B /* ProfileView.swift */ = {isa = PBXFileReference; lastKnownFileType = sourcecode.swift; path = ProfileView.swift; sourceTree = "<group>"; };
		41C2EF9328F336CD005DDB5B /* ProfileViewModel.swift */ = {isa = PBXFileReference; lastKnownFileType = sourcecode.swift; path = ProfileViewModel.swift; sourceTree = "<group>"; };
		41C2EF9628F336FE005DDB5B /* ProfileModelInput.swift */ = {isa = PBXFileReference; lastKnownFileType = sourcecode.swift; path = ProfileModelInput.swift; sourceTree = "<group>"; };
		41C2EF9828F33728005DDB5B /* ProfileModelOutput.swift */ = {isa = PBXFileReference; lastKnownFileType = sourcecode.swift; path = ProfileModelOutput.swift; sourceTree = "<group>"; };
		41C2EF9A28F337EF005DDB5B /* ViewController.swift */ = {isa = PBXFileReference; lastKnownFileType = sourcecode.swift; path = ViewController.swift; sourceTree = "<group>"; };
		41C2EF9D28F33969005DDB5B /* ProfileModel+lifecycle.swift */ = {isa = PBXFileReference; lastKnownFileType = sourcecode.swift; path = "ProfileModel+lifecycle.swift"; sourceTree = "<group>"; };
		41C2EFA028F33BB3005DDB5B /* ProfileView+lifecycle.swift */ = {isa = PBXFileReference; lastKnownFileType = sourcecode.swift; path = "ProfileView+lifecycle.swift"; sourceTree = "<group>"; };
		41C2EFA228F33CEE005DDB5B /* ProfileView+Output.swift */ = {isa = PBXFileReference; lastKnownFileType = sourcecode.swift; path = "ProfileView+Output.swift"; sourceTree = "<group>"; };
		41C2EFA428F33D32005DDB5B /* ProfileModel+Input.swift */ = {isa = PBXFileReference; lastKnownFileType = sourcecode.swift; path = "ProfileModel+Input.swift"; sourceTree = "<group>"; };
		41C2EFA628F33E0D005DDB5B /* Profile.storyboard */ = {isa = PBXFileReference; lastKnownFileType = file.storyboard; path = Profile.storyboard; sourceTree = "<group>"; };
		41C2EFAB28F33E7B005DDB5B /* Controller+Storyboard.swift */ = {isa = PBXFileReference; lastKnownFileType = sourcecode.swift; path = "Controller+Storyboard.swift"; sourceTree = "<group>"; };
		41F2276828F2D85400856D7E /* Loopy.app */ = {isa = PBXFileReference; explicitFileType = wrapper.application; includeInIndex = 0; path = Loopy.app; sourceTree = BUILT_PRODUCTS_DIR; };
		41F2276B28F2D85400856D7E /* AppDelegate.swift */ = {isa = PBXFileReference; lastKnownFileType = sourcecode.swift; path = AppDelegate.swift; sourceTree = "<group>"; };
		41F2276D28F2D85400856D7E /* SceneDelegate.swift */ = {isa = PBXFileReference; lastKnownFileType = sourcecode.swift; path = SceneDelegate.swift; sourceTree = "<group>"; };
		41F2277528F2D85400856D7E /* Loopy.xcdatamodel */ = {isa = PBXFileReference; lastKnownFileType = wrapper.xcdatamodel; path = Loopy.xcdatamodel; sourceTree = "<group>"; };
		41F2277728F2D85800856D7E /* Images.xcassets */ = {isa = PBXFileReference; lastKnownFileType = folder.assetcatalog; path = Images.xcassets; sourceTree = "<group>"; };
		41F2277A28F2D85800856D7E /* Base */ = {isa = PBXFileReference; lastKnownFileType = file.storyboard; name = Base; path = Base.lproj/LaunchScreen.storyboard; sourceTree = "<group>"; };
		41F2277C28F2D85800856D7E /* Info.plist */ = {isa = PBXFileReference; lastKnownFileType = text.plist.xml; path = Info.plist; sourceTree = "<group>"; };
		88C19348CF9D0B0F87CF46CD /* Pods-Loopy.release.xcconfig */ = {isa = PBXFileReference; includeInIndex = 1; lastKnownFileType = text.xcconfig; name = "Pods-Loopy.release.xcconfig"; path = "Target Support Files/Pods-Loopy/Pods-Loopy.release.xcconfig"; sourceTree = "<group>"; };
/* End PBXFileReference section */

/* Begin PBXFrameworksBuildPhase section */
		41F2276528F2D85400856D7E /* Frameworks */ = {
			isa = PBXFrameworksBuildPhase;
			buildActionMask = 2147483647;
			files = (
				209FFD1ADE0222B249D77C70 /* Pods_Loopy.framework in Frameworks */,
			);
			runOnlyForDeploymentPostprocessing = 0;
		};
/* End PBXFrameworksBuildPhase section */

/* Begin PBXGroup section */
		41B4A79828FDA26F00E553D3 /* TabBar */ = {
			isa = PBXGroup;
			children = (
				41B4A79928FDA28E00E553D3 /* Configuration */,
			);
			path = TabBar;
			sourceTree = "<group>";
		};
		41B4A79928FDA28E00E553D3 /* Configuration */ = {
			isa = PBXGroup;
			children = (
				41B4A79A28FDA2B400E553D3 /* TabBarCoordinator.swift */,
				41B4A79D28FDA2C600E553D3 /* TabBarAssembly.swift */,
				41B4A79F28FDB20F00E553D3 /* TabBarCustomizator.swift */,
			);
			path = Configuration;
			sourceTree = "<group>";
		};
		41B4A7A328FDC14D00E553D3 /* Colors */ = {
			isa = PBXGroup;
			children = (
				41B4A7A428FDC15D00E553D3 /* UIColor+hex.swift */,
			);
			path = Colors;
			sourceTree = "<group>";
		};
		41C2EF7128F2FDDC005DDB5B /* App */ = {
			isa = PBXGroup;
			children = (
				41F2276B28F2D85400856D7E /* AppDelegate.swift */,
				41F2276D28F2D85400856D7E /* SceneDelegate.swift */,
				41C2EF7428F2FE4D005DDB5B /* AppCoordinator.swift */,
				41F2277928F2D85800856D7E /* LaunchScreen.storyboard */,
			);
			path = App;
			sourceTree = "<group>";
		};
		41C2EF7228F2FDE3005DDB5B /* Resources */ = {
			isa = PBXGroup;
			children = (
				41F2277728F2D85800856D7E /* Images.xcassets */,
				41B4A7A128FDB62A00E553D3 /* Colors.xcassets */,
				41B4A7A728FDC24800E553D3 /* ColorsConfig.swift */,
				41F2277428F2D85400856D7E /* Loopy.xcdatamodeld */,
				41F2277C28F2D85800856D7E /* Info.plist */,
				417BE81E28F2DD1D00EC1C28 /* GoogleService-Info.plist */,
			);
			path = Resources;
			sourceTree = "<group>";
		};
		41C2EF7328F2FE2C005DDB5B /* Modules */ = {
			isa = PBXGroup;
			children = (
				41B4A79828FDA26F00E553D3 /* TabBar */,
				41C2EF8228F31331005DDB5B /* Profile */,
			);
			path = Modules;
			sourceTree = "<group>";
		};
		41C2EF7628F300AA005DDB5B /* General */ = {
			isa = PBXGroup;
			children = (
				41C2EF7F28F30C2B005DDB5B /* ModuleComponents */,
				41C2EF7728F300DC005DDB5B /* Protocols */,
				41C2EFA828F33E52005DDB5B /* Extensions */,
			);
			path = General;
			sourceTree = "<group>";
		};
		41C2EF7728F300DC005DDB5B /* Protocols */ = {
			isa = PBXGroup;
			children = (
				41C2EF8A28F314F8005DDB5B /* BaseComponents */,
				41C2EF7828F300EB005DDB5B /* BaseRouting */,
			);
			path = Protocols;
			sourceTree = "<group>";
		};
		41C2EF7828F300EB005DDB5B /* BaseRouting */ = {
			isa = PBXGroup;
			children = (
				41C2EF7928F30103005DDB5B /* Coordinatable.swift */,
				41C2EF7D28F3045C005DDB5B /* Controllable.swift */,
				41C2EF7B28F30430005DDB5B /* Routable.swift */,
			);
			path = BaseRouting;
			sourceTree = "<group>";
		};
		41C2EF7F28F30C2B005DDB5B /* ModuleComponents */ = {
			isa = PBXGroup;
			children = (
				41C2EF8028F30C38005DDB5B /* Router.swift */,
				41C2EF9A28F337EF005DDB5B /* ViewController.swift */,
			);
			path = ModuleComponents;
			sourceTree = "<group>";
		};
		41C2EF8228F31331005DDB5B /* Profile */ = {
			isa = PBXGroup;
			children = (
				41C2EF8328F31338005DDB5B /* Coordinator */,
				41C2EF8428F3133E005DDB5B /* UI */,
				41C2EF8528F31357005DDB5B /* Model */,
			);
			path = Profile;
			sourceTree = "<group>";
		};
		41C2EF8328F31338005DDB5B /* Coordinator */ = {
			isa = PBXGroup;
			children = (
				41C2EF8628F314A5005DDB5B /* ProfileCoordinator.swift */,
				41C2EF8828F314AF005DDB5B /* ProfileAssembly.swift */,
			);
			path = Coordinator;
			sourceTree = "<group>";
		};
		41C2EF8428F3133E005DDB5B /* UI */ = {
			isa = PBXGroup;
			children = (
				41C2EFA628F33E0D005DDB5B /* Profile.storyboard */,
				41C2EF9128F33647005DDB5B /* ProfileView.swift */,
				41C2EF8F28F3363E005DDB5B /* ProfileViewProtocol.swift */,
				41C2EF9F28F33BA1005DDB5B /* Extensions */,
			);
			path = UI;
			sourceTree = "<group>";
		};
		41C2EF8528F31357005DDB5B /* Model */ = {
			isa = PBXGroup;
			children = (
				41C2EF9328F336CD005DDB5B /* ProfileViewModel.swift */,
				41C2EF9528F336E2005DDB5B /* Protocols */,
				41C2EF9C28F33944005DDB5B /* Extensions */,
			);
			path = Model;
			sourceTree = "<group>";
		};
		41C2EF8A28F314F8005DDB5B /* BaseComponents */ = {
			isa = PBXGroup;
			children = (
				41C2EF8B28F31512005DDB5B /* BaseViewModel.swift */,
				41C2EF8D28F31523005DDB5B /* BaseAssembly.swift */,
			);
			path = BaseComponents;
			sourceTree = "<group>";
		};
		41C2EF9528F336E2005DDB5B /* Protocols */ = {
			isa = PBXGroup;
			children = (
				41C2EF9628F336FE005DDB5B /* ProfileModelInput.swift */,
				41C2EF9828F33728005DDB5B /* ProfileModelOutput.swift */,
			);
			path = Protocols;
			sourceTree = "<group>";
		};
		41C2EF9C28F33944005DDB5B /* Extensions */ = {
			isa = PBXGroup;
			children = (
				41C2EF9D28F33969005DDB5B /* ProfileModel+lifecycle.swift */,
				41C2EFA428F33D32005DDB5B /* ProfileModel+Input.swift */,
			);
			path = Extensions;
			sourceTree = "<group>";
		};
		41C2EF9F28F33BA1005DDB5B /* Extensions */ = {
			isa = PBXGroup;
			children = (
				41C2EFA028F33BB3005DDB5B /* ProfileView+lifecycle.swift */,
				41C2EFA228F33CEE005DDB5B /* ProfileView+Output.swift */,
			);
			path = Extensions;
			sourceTree = "<group>";
		};
		41C2EFA828F33E52005DDB5B /* Extensions */ = {
			isa = PBXGroup;
			children = (
				41C2EFA928F33E5C005DDB5B /* UI */,
			);
			path = Extensions;
			sourceTree = "<group>";
		};
		41C2EFA928F33E5C005DDB5B /* UI */ = {
			isa = PBXGroup;
			children = (
				41B4A7A328FDC14D00E553D3 /* Colors */,
				41C2EFAA28F33E65005DDB5B /* ViewController */,
			);
			path = UI;
			sourceTree = "<group>";
		};
		41C2EFAA28F33E65005DDB5B /* ViewController */ = {
			isa = PBXGroup;
			children = (
				41C2EFAB28F33E7B005DDB5B /* Controller+Storyboard.swift */,
			);
			path = ViewController;
			sourceTree = "<group>";
		};
		41F2275F28F2D85400856D7E = {
			isa = PBXGroup;
			children = (
				41F2276A28F2D85400856D7E /* Loopy */,
				41F2276928F2D85400856D7E /* Products */,
				8F9478EAD627835FEF755F98 /* Pods */,
				6BE00088F0374B345A902DA1 /* Frameworks */,
			);
			sourceTree = "<group>";
		};
		41F2276928F2D85400856D7E /* Products */ = {
			isa = PBXGroup;
			children = (
				41F2276828F2D85400856D7E /* Loopy.app */,
			);
			name = Products;
			sourceTree = "<group>";
		};
		41F2276A28F2D85400856D7E /* Loopy */ = {
			isa = PBXGroup;
			children = (
				41C2EF7128F2FDDC005DDB5B /* App */,
				41C2EF7628F300AA005DDB5B /* General */,
				41C2EF7328F2FE2C005DDB5B /* Modules */,
				41C2EF7228F2FDE3005DDB5B /* Resources */,
			);
			path = Loopy;
			sourceTree = "<group>";
		};
		6BE00088F0374B345A902DA1 /* Frameworks */ = {
			isa = PBXGroup;
			children = (
				1EBBAC4AD92D2A274FB05D34 /* Pods_Loopy.framework */,
			);
			name = Frameworks;
			sourceTree = "<group>";
		};
		8F9478EAD627835FEF755F98 /* Pods */ = {
			isa = PBXGroup;
			children = (
				3FBA923C331C75A308F20450 /* Pods-Loopy.debug.xcconfig */,
				88C19348CF9D0B0F87CF46CD /* Pods-Loopy.release.xcconfig */,
			);
			path = Pods;
			sourceTree = "<group>";
		};
/* End PBXGroup section */

/* Begin PBXNativeTarget section */
		41F2276728F2D85400856D7E /* Loopy */ = {
			isa = PBXNativeTarget;
			buildConfigurationList = 41F2277F28F2D85800856D7E /* Build configuration list for PBXNativeTarget "Loopy" */;
			buildPhases = (
				0866024349BB7E6205D6EAD3 /* [CP] Check Pods Manifest.lock */,
				41F2276428F2D85400856D7E /* Sources */,
				41F2276528F2D85400856D7E /* Frameworks */,
				41F2276628F2D85400856D7E /* Resources */,
				96183D577EC35A5768A2B225 /* [CP] Embed Pods Frameworks */,
			);
			buildRules = (
			);
			dependencies = (
			);
			name = Loopy;
			productName = Loopy;
			productReference = 41F2276828F2D85400856D7E /* Loopy.app */;
			productType = "com.apple.product-type.application";
		};
/* End PBXNativeTarget section */

/* Begin PBXProject section */
		41F2276028F2D85400856D7E /* Project object */ = {
			isa = PBXProject;
			attributes = {
				BuildIndependentTargetsInParallel = 1;
				LastSwiftUpdateCheck = 1400;
				LastUpgradeCheck = 1400;
				TargetAttributes = {
					41F2276728F2D85400856D7E = {
						CreatedOnToolsVersion = 14.0;
					};
				};
			};
			buildConfigurationList = 41F2276328F2D85400856D7E /* Build configuration list for PBXProject "Loopy" */;
			compatibilityVersion = "Xcode 13.0";
			developmentRegion = en;
			hasScannedForEncodings = 0;
			knownRegions = (
				en,
				Base,
			);
			mainGroup = 41F2275F28F2D85400856D7E;
			productRefGroup = 41F2276928F2D85400856D7E /* Products */;
			projectDirPath = "";
			projectRoot = "";
			targets = (
				41F2276728F2D85400856D7E /* Loopy */,
			);
		};
/* End PBXProject section */

/* Begin PBXResourcesBuildPhase section */
		41F2276628F2D85400856D7E /* Resources */ = {
			isa = PBXResourcesBuildPhase;
			buildActionMask = 2147483647;
			files = (
				41B4A7A228FDB62A00E553D3 /* Colors.xcassets in Resources */,
				41F2277B28F2D85800856D7E /* LaunchScreen.storyboard in Resources */,
				417BE81F28F2DD1D00EC1C28 /* GoogleService-Info.plist in Resources */,
				41C2EFA728F33E0D005DDB5B /* Profile.storyboard in Resources */,
				41F2277828F2D85800856D7E /* Images.xcassets in Resources */,
			);
			runOnlyForDeploymentPostprocessing = 0;
		};
/* End PBXResourcesBuildPhase section */

/* Begin PBXShellScriptBuildPhase section */
		0866024349BB7E6205D6EAD3 /* [CP] Check Pods Manifest.lock */ = {
			isa = PBXShellScriptBuildPhase;
			buildActionMask = 2147483647;
			files = (
			);
			inputFileListPaths = (
			);
			inputPaths = (
				"${PODS_PODFILE_DIR_PATH}/Podfile.lock",
				"${PODS_ROOT}/Manifest.lock",
			);
			name = "[CP] Check Pods Manifest.lock";
			outputFileListPaths = (
			);
			outputPaths = (
				"$(DERIVED_FILE_DIR)/Pods-Loopy-checkManifestLockResult.txt",
			);
			runOnlyForDeploymentPostprocessing = 0;
			shellPath = /bin/sh;
			shellScript = "diff \"${PODS_PODFILE_DIR_PATH}/Podfile.lock\" \"${PODS_ROOT}/Manifest.lock\" > /dev/null\nif [ $? != 0 ] ; then\n    # print error to STDERR\n    echo \"error: The sandbox is not in sync with the Podfile.lock. Run 'pod install' or update your CocoaPods installation.\" >&2\n    exit 1\nfi\n# This output is used by Xcode 'outputs' to avoid re-running this script phase.\necho \"SUCCESS\" > \"${SCRIPT_OUTPUT_FILE_0}\"\n";
			showEnvVarsInLog = 0;
		};
		96183D577EC35A5768A2B225 /* [CP] Embed Pods Frameworks */ = {
			isa = PBXShellScriptBuildPhase;
			buildActionMask = 2147483647;
			files = (
			);
			inputFileListPaths = (
				"${PODS_ROOT}/Target Support Files/Pods-Loopy/Pods-Loopy-frameworks-${CONFIGURATION}-input-files.xcfilelist",
			);
			name = "[CP] Embed Pods Frameworks";
			outputFileListPaths = (
				"${PODS_ROOT}/Target Support Files/Pods-Loopy/Pods-Loopy-frameworks-${CONFIGURATION}-output-files.xcfilelist",
			);
			runOnlyForDeploymentPostprocessing = 0;
			shellPath = /bin/sh;
			shellScript = "\"${PODS_ROOT}/Target Support Files/Pods-Loopy/Pods-Loopy-frameworks.sh\"\n";
			showEnvVarsInLog = 0;
		};
/* End PBXShellScriptBuildPhase section */

/* Begin PBXSourcesBuildPhase section */
		41F2276428F2D85400856D7E /* Sources */ = {
			isa = PBXSourcesBuildPhase;
			buildActionMask = 2147483647;
			files = (
				41C2EF9928F33728005DDB5B /* ProfileModelOutput.swift in Sources */,
				41C2EF7C28F30430005DDB5B /* Routable.swift in Sources */,
				41B4A79B28FDA2B400E553D3 /* TabBarCoordinator.swift in Sources */,
				41C2EFA528F33D32005DDB5B /* ProfileModel+Input.swift in Sources */,
				41C2EF9028F3363E005DDB5B /* ProfileViewProtocol.swift in Sources */,
				41C2EF8C28F31512005DDB5B /* BaseViewModel.swift in Sources */,
				41F2277628F2D85400856D7E /* Loopy.xcdatamodeld in Sources */,
				41C2EFA328F33CEE005DDB5B /* ProfileView+Output.swift in Sources */,
				41C2EF9728F336FE005DDB5B /* ProfileModelInput.swift in Sources */,
				41C2EF7528F2FE4D005DDB5B /* AppCoordinator.swift in Sources */,
				41C2EF8128F30C38005DDB5B /* Router.swift in Sources */,
				41C2EF9E28F33969005DDB5B /* ProfileModel+lifecycle.swift in Sources */,
				41F2276C28F2D85400856D7E /* AppDelegate.swift in Sources */,
				41B4A7A828FDC24800E553D3 /* ColorsConfig.swift in Sources */,
				41C2EF8928F314AF005DDB5B /* ProfileAssembly.swift in Sources */,
				41F2276E28F2D85400856D7E /* SceneDelegate.swift in Sources */,
				41C2EF9428F336CD005DDB5B /* ProfileViewModel.swift in Sources */,
				41B4A79E28FDA2C600E553D3 /* TabBarAssembly.swift in Sources */,
				41C2EFAC28F33E7B005DDB5B /* Controller+Storyboard.swift in Sources */,
				41C2EF9B28F337EF005DDB5B /* ViewController.swift in Sources */,
				41B4A7A028FDB20F00E553D3 /* TabBarCustomizator.swift in Sources */,
				41C2EF8E28F31523005DDB5B /* BaseAssembly.swift in Sources */,
				41C2EF7E28F3045C005DDB5B /* Controllable.swift in Sources */,
				41C2EF8728F314A5005DDB5B /* ProfileCoordinator.swift in Sources */,
				41C2EFA128F33BB3005DDB5B /* ProfileView+lifecycle.swift in Sources */,
				41B4A7A528FDC15D00E553D3 /* UIColor+hex.swift in Sources */,
				41C2EF9228F33647005DDB5B /* ProfileView.swift in Sources */,
				41C2EF7A28F30103005DDB5B /* Coordinatable.swift in Sources */,
			);
			runOnlyForDeploymentPostprocessing = 0;
		};
/* End PBXSourcesBuildPhase section */

/* Begin PBXVariantGroup section */
		41F2277928F2D85800856D7E /* LaunchScreen.storyboard */ = {
			isa = PBXVariantGroup;
			children = (
				41F2277A28F2D85800856D7E /* Base */,
			);
			name = LaunchScreen.storyboard;
			sourceTree = "<group>";
		};
/* End PBXVariantGroup section */

/* Begin XCBuildConfiguration section */
		41F2277D28F2D85800856D7E /* Debug */ = {
			isa = XCBuildConfiguration;
			buildSettings = {
				ALWAYS_SEARCH_USER_PATHS = NO;
				CLANG_ANALYZER_NONNULL = YES;
				CLANG_ANALYZER_NUMBER_OBJECT_CONVERSION = YES_AGGRESSIVE;
				CLANG_CXX_LANGUAGE_STANDARD = "gnu++20";
				CLANG_ENABLE_MODULES = YES;
				CLANG_ENABLE_OBJC_ARC = YES;
				CLANG_ENABLE_OBJC_WEAK = YES;
				CLANG_WARN_BLOCK_CAPTURE_AUTORELEASING = YES;
				CLANG_WARN_BOOL_CONVERSION = YES;
				CLANG_WARN_COMMA = YES;
				CLANG_WARN_CONSTANT_CONVERSION = YES;
				CLANG_WARN_DEPRECATED_OBJC_IMPLEMENTATIONS = YES;
				CLANG_WARN_DIRECT_OBJC_ISA_USAGE = YES_ERROR;
				CLANG_WARN_DOCUMENTATION_COMMENTS = YES;
				CLANG_WARN_EMPTY_BODY = YES;
				CLANG_WARN_ENUM_CONVERSION = YES;
				CLANG_WARN_INFINITE_RECURSION = YES;
				CLANG_WARN_INT_CONVERSION = YES;
				CLANG_WARN_NON_LITERAL_NULL_CONVERSION = YES;
				CLANG_WARN_OBJC_IMPLICIT_RETAIN_SELF = YES;
				CLANG_WARN_OBJC_LITERAL_CONVERSION = YES;
				CLANG_WARN_OBJC_ROOT_CLASS = YES_ERROR;
				CLANG_WARN_QUOTED_INCLUDE_IN_FRAMEWORK_HEADER = YES;
				CLANG_WARN_RANGE_LOOP_ANALYSIS = YES;
				CLANG_WARN_STRICT_PROTOTYPES = YES;
				CLANG_WARN_SUSPICIOUS_MOVE = YES;
				CLANG_WARN_UNGUARDED_AVAILABILITY = YES_AGGRESSIVE;
				CLANG_WARN_UNREACHABLE_CODE = YES;
				CLANG_WARN__DUPLICATE_METHOD_MATCH = YES;
				COPY_PHASE_STRIP = NO;
				DEBUG_INFORMATION_FORMAT = dwarf;
				ENABLE_STRICT_OBJC_MSGSEND = YES;
				ENABLE_TESTABILITY = YES;
				GCC_C_LANGUAGE_STANDARD = gnu11;
				GCC_DYNAMIC_NO_PIC = NO;
				GCC_NO_COMMON_BLOCKS = YES;
				GCC_OPTIMIZATION_LEVEL = 0;
				GCC_PREPROCESSOR_DEFINITIONS = (
					"DEBUG=1",
					"$(inherited)",
				);
				GCC_WARN_64_TO_32_BIT_CONVERSION = YES;
				GCC_WARN_ABOUT_RETURN_TYPE = YES_ERROR;
				GCC_WARN_UNDECLARED_SELECTOR = YES;
				GCC_WARN_UNINITIALIZED_AUTOS = YES_AGGRESSIVE;
				GCC_WARN_UNUSED_FUNCTION = YES;
				GCC_WARN_UNUSED_VARIABLE = YES;
				IPHONEOS_DEPLOYMENT_TARGET = 14.0;
				MTL_ENABLE_DEBUG_INFO = INCLUDE_SOURCE;
				MTL_FAST_MATH = YES;
				ONLY_ACTIVE_ARCH = YES;
				SDKROOT = iphoneos;
				SWIFT_ACTIVE_COMPILATION_CONDITIONS = DEBUG;
				SWIFT_OPTIMIZATION_LEVEL = "-Onone";
			};
			name = Debug;
		};
		41F2277E28F2D85800856D7E /* Release */ = {
			isa = XCBuildConfiguration;
			buildSettings = {
				ALWAYS_SEARCH_USER_PATHS = NO;
				CLANG_ANALYZER_NONNULL = YES;
				CLANG_ANALYZER_NUMBER_OBJECT_CONVERSION = YES_AGGRESSIVE;
				CLANG_CXX_LANGUAGE_STANDARD = "gnu++20";
				CLANG_ENABLE_MODULES = YES;
				CLANG_ENABLE_OBJC_ARC = YES;
				CLANG_ENABLE_OBJC_WEAK = YES;
				CLANG_WARN_BLOCK_CAPTURE_AUTORELEASING = YES;
				CLANG_WARN_BOOL_CONVERSION = YES;
				CLANG_WARN_COMMA = YES;
				CLANG_WARN_CONSTANT_CONVERSION = YES;
				CLANG_WARN_DEPRECATED_OBJC_IMPLEMENTATIONS = YES;
				CLANG_WARN_DIRECT_OBJC_ISA_USAGE = YES_ERROR;
				CLANG_WARN_DOCUMENTATION_COMMENTS = YES;
				CLANG_WARN_EMPTY_BODY = YES;
				CLANG_WARN_ENUM_CONVERSION = YES;
				CLANG_WARN_INFINITE_RECURSION = YES;
				CLANG_WARN_INT_CONVERSION = YES;
				CLANG_WARN_NON_LITERAL_NULL_CONVERSION = YES;
				CLANG_WARN_OBJC_IMPLICIT_RETAIN_SELF = YES;
				CLANG_WARN_OBJC_LITERAL_CONVERSION = YES;
				CLANG_WARN_OBJC_ROOT_CLASS = YES_ERROR;
				CLANG_WARN_QUOTED_INCLUDE_IN_FRAMEWORK_HEADER = YES;
				CLANG_WARN_RANGE_LOOP_ANALYSIS = YES;
				CLANG_WARN_STRICT_PROTOTYPES = YES;
				CLANG_WARN_SUSPICIOUS_MOVE = YES;
				CLANG_WARN_UNGUARDED_AVAILABILITY = YES_AGGRESSIVE;
				CLANG_WARN_UNREACHABLE_CODE = YES;
				CLANG_WARN__DUPLICATE_METHOD_MATCH = YES;
				COPY_PHASE_STRIP = NO;
				DEBUG_INFORMATION_FORMAT = "dwarf-with-dsym";
				ENABLE_NS_ASSERTIONS = NO;
				ENABLE_STRICT_OBJC_MSGSEND = YES;
				GCC_C_LANGUAGE_STANDARD = gnu11;
				GCC_NO_COMMON_BLOCKS = YES;
				GCC_WARN_64_TO_32_BIT_CONVERSION = YES;
				GCC_WARN_ABOUT_RETURN_TYPE = YES_ERROR;
				GCC_WARN_UNDECLARED_SELECTOR = YES;
				GCC_WARN_UNINITIALIZED_AUTOS = YES_AGGRESSIVE;
				GCC_WARN_UNUSED_FUNCTION = YES;
				GCC_WARN_UNUSED_VARIABLE = YES;
				IPHONEOS_DEPLOYMENT_TARGET = 14.0;
				MTL_ENABLE_DEBUG_INFO = NO;
				MTL_FAST_MATH = YES;
				SDKROOT = iphoneos;
				SWIFT_COMPILATION_MODE = wholemodule;
				SWIFT_OPTIMIZATION_LEVEL = "-O";
				VALIDATE_PRODUCT = YES;
			};
			name = Release;
		};
		41F2278028F2D85800856D7E /* Debug */ = {
			isa = XCBuildConfiguration;
			baseConfigurationReference = 3FBA923C331C75A308F20450 /* Pods-Loopy.debug.xcconfig */;
			buildSettings = {
				ASSETCATALOG_COMPILER_APPICON_NAME = AppIcon;
				ASSETCATALOG_COMPILER_GLOBAL_ACCENT_COLOR_NAME = AccentColor;
				CODE_SIGN_STYLE = Automatic;
				CURRENT_PROJECT_VERSION = 1;
				DEVELOPMENT_TEAM = WJVB936MM2;
				GENERATE_INFOPLIST_FILE = YES;
				INFOPLIST_FILE = Loopy/Resources/Info.plist;
				INFOPLIST_KEY_CFBundleDisplayName = "Loopy спорт";
				INFOPLIST_KEY_LSApplicationCategoryType = "public.app-category.lifestyle";
				INFOPLIST_KEY_UIApplicationSupportsIndirectInputEvents = YES;
				INFOPLIST_KEY_UILaunchStoryboardName = LaunchScreen.storyboard;
				INFOPLIST_KEY_UIStatusBarStyle = UIStatusBarStyleDarkContent;
				INFOPLIST_KEY_UISupportedInterfaceOrientations = "UIInterfaceOrientationLandscapeLeft UIInterfaceOrientationLandscapeRight UIInterfaceOrientationPortrait UIInterfaceOrientationPortraitUpsideDown";
				IPHONEOS_DEPLOYMENT_TARGET = 14.0;
				LD_RUNPATH_SEARCH_PATHS = (
					"$(inherited)",
					"@executable_path/Frameworks",
				);
				MARKETING_VERSION = 1.0;
				PRODUCT_BUNDLE_IDENTIFIER = com.reslyCorp.Loopy;
				PRODUCT_NAME = "$(TARGET_NAME)";
				SUPPORTED_PLATFORMS = "iphoneos iphonesimulator";
				SUPPORTS_MACCATALYST = NO;
				SUPPORTS_MAC_DESIGNED_FOR_IPHONE_IPAD = NO;
				SWIFT_EMIT_LOC_STRINGS = YES;
				SWIFT_VERSION = 5.0;
				TARGETED_DEVICE_FAMILY = 1;
			};
			name = Debug;
		};
		41F2278128F2D85800856D7E /* Release */ = {
			isa = XCBuildConfiguration;
			baseConfigurationReference = 88C19348CF9D0B0F87CF46CD /* Pods-Loopy.release.xcconfig */;
			buildSettings = {
				ASSETCATALOG_COMPILER_APPICON_NAME = AppIcon;
				ASSETCATALOG_COMPILER_GLOBAL_ACCENT_COLOR_NAME = AccentColor;
				CODE_SIGN_STYLE = Automatic;
				CURRENT_PROJECT_VERSION = 1;
				DEVELOPMENT_TEAM = WJVB936MM2;
				GENERATE_INFOPLIST_FILE = YES;
				INFOPLIST_FILE = Loopy/Resources/Info.plist;
				INFOPLIST_KEY_CFBundleDisplayName = "Loopy спорт";
				INFOPLIST_KEY_LSApplicationCategoryType = "public.app-category.lifestyle";
				INFOPLIST_KEY_UIApplicationSupportsIndirectInputEvents = YES;
				INFOPLIST_KEY_UILaunchStoryboardName = LaunchScreen.storyboard;
				INFOPLIST_KEY_UIStatusBarStyle = UIStatusBarStyleDarkContent;
				INFOPLIST_KEY_UISupportedInterfaceOrientations = "UIInterfaceOrientationLandscapeLeft UIInterfaceOrientationLandscapeRight UIInterfaceOrientationPortrait UIInterfaceOrientationPortraitUpsideDown";
				IPHONEOS_DEPLOYMENT_TARGET = 14.0;
				LD_RUNPATH_SEARCH_PATHS = (
					"$(inherited)",
					"@executable_path/Frameworks",
				);
				MARKETING_VERSION = 1.0;
				PRODUCT_BUNDLE_IDENTIFIER = com.reslyCorp.Loopy;
				PRODUCT_NAME = "$(TARGET_NAME)";
				SUPPORTED_PLATFORMS = "iphoneos iphonesimulator";
				SUPPORTS_MACCATALYST = NO;
				SUPPORTS_MAC_DESIGNED_FOR_IPHONE_IPAD = NO;
				SWIFT_EMIT_LOC_STRINGS = YES;
				SWIFT_VERSION = 5.0;
				TARGETED_DEVICE_FAMILY = 1;
			};
			name = Release;
		};
/* End XCBuildConfiguration section */

/* Begin XCConfigurationList section */
		41F2276328F2D85400856D7E /* Build configuration list for PBXProject "Loopy" */ = {
			isa = XCConfigurationList;
			buildConfigurations = (
				41F2277D28F2D85800856D7E /* Debug */,
				41F2277E28F2D85800856D7E /* Release */,
			);
			defaultConfigurationIsVisible = 0;
			defaultConfigurationName = Release;
		};
		41F2277F28F2D85800856D7E /* Build configuration list for PBXNativeTarget "Loopy" */ = {
			isa = XCConfigurationList;
			buildConfigurations = (
				41F2278028F2D85800856D7E /* Debug */,
				41F2278128F2D85800856D7E /* Release */,
			);
			defaultConfigurationIsVisible = 0;
			defaultConfigurationName = Release;
		};
/* End XCConfigurationList section */

/* Begin XCVersionGroup section */
		41F2277428F2D85400856D7E /* Loopy.xcdatamodeld */ = {
			isa = XCVersionGroup;
			children = (
				41F2277528F2D85400856D7E /* Loopy.xcdatamodel */,
			);
			currentVersion = 41F2277528F2D85400856D7E /* Loopy.xcdatamodel */;
			path = Loopy.xcdatamodeld;
			sourceTree = "<group>";
			versionGroupType = wrapper.xcdatamodel;
		};
/* End XCVersionGroup section */
	};
	rootObject = 41F2276028F2D85400856D7E /* Project object */;
}
